// !$*UTF8*$!
{
	archiveVersion = 1;
	classes = {
	};
	objectVersion = 77;
	objects = {

/* Begin PBXBuildFile section */
		03E904FAB09F01048D1484DE /* StatusSummaryModelTests.swift in Sources */ = {isa = PBXBuildFile; fileRef = A22AEFACB820B39E6512D05F /* StatusSummaryModelTests.swift */; };
		051A32FFC0368380D49E6962 /* TemperatureProviderTests.swift in Sources */ = {isa = PBXBuildFile; fileRef = CD7CC359AC081C81CFE0D705 /* TemperatureProviderTests.swift */; };
		078F652EDE21CCEB0AC6E491 /* ActiveProcessMemoryLayout.swift in Sources */ = {isa = PBXBuildFile; fileRef = 76A0523ECC4403F91DB89229 /* ActiveProcessMemoryLayout.swift */; };
		0BFDE8B415E395427CB657F0 /* SystemStorageProvider.swift in Sources */ = {isa = PBXBuildFile; fileRef = F913116816E2BD3A771FCA4A /* SystemStorageProvider.swift */; };
		0C235C5AB692A21728D0BA55 /* Localizable.strings in Resources */ = {isa = PBXBuildFile; fileRef = 41DEBECB80588EDCB2B826B3 /* Localizable.strings */; };
		0EE72E0F0ADBDE77B23D912F /* MemoryReleaseServiceTests.swift in Sources */ = {isa = PBXBuildFile; fileRef = 5910039CDBA471C2F9513628 /* MemoryReleaseServiceTests.swift */; };
		0F68A650C5AE8A1C0B0CF796 /* AppLocalization.swift in Sources */ = {isa = PBXBuildFile; fileRef = 4DBDE27C632732B8D69B540E /* AppLocalization.swift */; };
		10A7E533EB2CE7F1631C7D95 /* AudioDeviceVolumeService.swift in Sources */ = {isa = PBXBuildFile; fileRef = 4A95453EF1760F93579037B1 /* AudioDeviceVolumeService.swift */; };
		16ECB6A0AD84B607F511085E /* SummaryFormatterTests.swift in Sources */ = {isa = PBXBuildFile; fileRef = 2F38E147AABF6C15F42ABA13 /* SummaryFormatterTests.swift */; };
		16F46C34538525E3E05606BF /* SummaryFormatter.swift in Sources */ = {isa = PBXBuildFile; fileRef = CC71A1F1843F39EF709F970B /* SummaryFormatter.swift */; };
		17C8C8D688BB94F85DBDE1DC /* CPUProvider.swift in Sources */ = {isa = PBXBuildFile; fileRef = 5F80A7CF6CB9E39D7858C692 /* CPUProvider.swift */; };
		1AA15D8699BC3962C6A808DE /* AudioFeatureAvailability.swift in Sources */ = {isa = PBXBuildFile; fileRef = 6E4B084B5C8220E7D26CBC42 /* AudioFeatureAvailability.swift */; };
		1B3A5C1A4385179E39C90CDF /* DashboardModel.swift in Sources */ = {isa = PBXBuildFile; fileRef = 41333E534CBDB52CD351763E /* DashboardModel.swift */; };
		203728ECA31C7E130830CBD3 /* AudioDashboardModelTests.swift in Sources */ = {isa = PBXBuildFile; fileRef = 0E5EB0BFFA6A7936E4EAD230 /* AudioDashboardModelTests.swift */; };
		24E2A04F45694E2244E16C74 /* UpdateCandidateSelector.swift in Sources */ = {isa = PBXBuildFile; fileRef = CC750397189E5163AFA2AE33 /* UpdateCandidateSelector.swift */; };
		28B6837513F5A77FB3B8A6B1 /* MetricsScheduler.swift in Sources */ = {isa = PBXBuildFile; fileRef = 1E1651676B31A0F49FF03FBD /* MetricsScheduler.swift */; };
		2997A768472FE6994B787F01 /* SparkleUpdateController.swift in Sources */ = {isa = PBXBuildFile; fileRef = 2BC2395BD346EE615CD7787A /* SparkleUpdateController.swift */; };
		29B0CBE169F75666C6DBB021 /* DashboardModelTests.swift in Sources */ = {isa = PBXBuildFile; fileRef = 4C28EA386891B5D88473C012 /* DashboardModelTests.swift */; };
		29DB96D98957D566191E0A6C /* Sparkle in Frameworks */ = {isa = PBXBuildFile; productRef = ACE2F884478AD7390941E37B /* Sparkle */; };
		2CEB231CDBBCDDF36F125107 /* MetricsSchedulerTests.swift in Sources */ = {isa = PBXBuildFile; fileRef = 091371EEC06035449AAFB391 /* MetricsSchedulerTests.swift */; };
		2D2E950DB64441F652DDBF7D /* ActiveCleanReleaseLayout.swift in Sources */ = {isa = PBXBuildFile; fileRef = 231B9D95E670963442630FDF /* ActiveCleanReleaseLayout.swift */; };
		308A6F8826A4F846A780EEF7 /* AudioDeviceVolumeServiceTests.swift in Sources */ = {isa = PBXBuildFile; fileRef = 214C8E41A139972527F0B2AC /* AudioDeviceVolumeServiceTests.swift */; };
		31542F075E8801EA33B52763 /* MetricsStore.swift in Sources */ = {isa = PBXBuildFile; fileRef = 36396300E73F3D423CCDC77C /* MetricsStore.swift */; };
		34B193CBB778F3DBAEB8E354 /* TrashCleanupService.swift in Sources */ = {isa = PBXBuildFile; fileRef = B541AF54F89E04066F33AD8E /* TrashCleanupService.swift */; };
		366D7404F0EDEC0EA16DF7CB /* TrashCleanupServiceTests.swift in Sources */ = {isa = PBXBuildFile; fileRef = 8C1D390604B9381BB20F9F4A /* TrashCleanupServiceTests.swift */; };
		39C7DEFCA04248110B5A5B9D /* main.swift in Sources */ = {isa = PBXBuildFile; fileRef = 7B87283E6D09D63E041FCDE7 /* main.swift */; };
		3A4477BDC23605E2899597CD /* MetricsSnapshotTests.swift in Sources */ = {isa = PBXBuildFile; fileRef = 7215BA634217D46E3C2AFD25 /* MetricsSnapshotTests.swift */; };
		3F60AD2BBC32608CE8F87545 /* PreferencesController.swift in Sources */ = {isa = PBXBuildFile; fileRef = ECAE9B17ED4BB6141029863B /* PreferencesController.swift */; };
		40CE3A305988195A3041D2A8 /* StatusItemController.swift in Sources */ = {isa = PBXBuildFile; fileRef = 051A8D20F98149046273836B /* StatusItemController.swift */; };
		442969EB596E699488524CFD /* UpdateCandidateSelectorTests.swift in Sources */ = {isa = PBXBuildFile; fileRef = 90B7A168A4B1458DEE0615A8 /* UpdateCandidateSelectorTests.swift */; };
		44A8EA3A8D04C637634D8037 /* BatteryProviderTests.swift in Sources */ = {isa = PBXBuildFile; fileRef = 32BA3F0E90FEDB093D4676DC /* BatteryProviderTests.swift */; };
		45A7297E010B7FBDC275DADA /* Assets.xcassets in Resources */ = {isa = PBXBuildFile; fileRef = 524520F5A3160DC0ECB2A0A3 /* Assets.xcassets */; };
		481D37333B0C15E0EE471191 /* LazyShellControllerTests.swift in Sources */ = {isa = PBXBuildFile; fileRef = 1312C2453A14DC4E4201975A /* LazyShellControllerTests.swift */; };
		4A3E337DABE4743A0C235838 /* MacActivityCore.framework in Frameworks */ = {isa = PBXBuildFile; fileRef = CCC0344CCD781933A16D98D7 /* MacActivityCore.framework */; };
		4F1AE1B7F44F2D9407FA4746 /* SMCSensorReaderTests.swift in Sources */ = {isa = PBXBuildFile; fileRef = 20D958280B26529B7B39C116 /* SMCSensorReaderTests.swift */; };
		4FFC3DDFBB0B515A0097F021 /* MacActivityCore.framework in Frameworks */ = {isa = PBXBuildFile; fileRef = CCC0344CCD781933A16D98D7 /* MacActivityCore.framework */; };
		52D7E895840661880DEE4A20 /* AppLocalizationController.swift in Sources */ = {isa = PBXBuildFile; fileRef = 55B02C737DA82873951C86D0 /* AppLocalizationController.swift */; };
		551B137A9AD7F434850FD5EB /* DiskCleanupStatusView.swift in Sources */ = {isa = PBXBuildFile; fileRef = A4C1E8C83F10B1990CFA1E02 /* DiskCleanupStatusView.swift */; };
		5C508CEA7BAD8358A16637D4 /* ActiveCleanReleaseView.swift in Sources */ = {isa = PBXBuildFile; fileRef = 145DEBD6281C8023F8F67724 /* ActiveCleanReleaseView.swift */; };
		61985D0288B1AB38FE15C6B3 /* MemoryReleaseService.swift in Sources */ = {isa = PBXBuildFile; fileRef = 1245314B585B575A9D44A916 /* MemoryReleaseService.swift */; };
		63C09E96706D5628D706B2ED /* MemoryReleaseStatusView.swift in Sources */ = {isa = PBXBuildFile; fileRef = 98D9223A23FC96035099E89A /* MemoryReleaseStatusView.swift */; };
		6C19FF93C33548A9CA841AB6 /* LocalizationTests.swift in Sources */ = {isa = PBXBuildFile; fileRef = 28B16690F3A93F5DF6A08150 /* LocalizationTests.swift */; };
		6C74E7E1116DC1208956190B /* MacActivityCore.framework in Embed Frameworks */ = {isa = PBXBuildFile; fileRef = CCC0344CCD781933A16D98D7 /* MacActivityCore.framework */; settings = {ATTRIBUTES = (CodeSignOnCopy, RemoveHeadersOnCopy, ); }; };
		6C8D997E40BB5E606CC0BEC1 /* TrashCleanupStatusView.swift in Sources */ = {isa = PBXBuildFile; fileRef = 3A45145799F0B2FCD4EEB53E /* TrashCleanupStatusView.swift */; };
		6D54144EB0A0E5918A23CFEF /* StatusSummaryModel.swift in Sources */ = {isa = PBXBuildFile; fileRef = F7280E98435B3B94E406813A /* StatusSummaryModel.swift */; };
		6E845B2E62F82E4291E88E11 /* ActiveCleanupModelTests.swift in Sources */ = {isa = PBXBuildFile; fileRef = F7B4887EAAB65C8DBBE0314A /* ActiveCleanupModelTests.swift */; };
		6F092D8E516DFC216207A5D7 /* ActiveCleanReleaseViewTests.swift in Sources */ = {isa = PBXBuildFile; fileRef = 10490BB072DAB977325EFD85 /* ActiveCleanReleaseViewTests.swift */; };
		6FE9479DD0E4F0DD7F88D79C /* PreferencesControllerTests.swift in Sources */ = {isa = PBXBuildFile; fileRef = C815ADC2D07A903BFAD4C90B /* PreferencesControllerTests.swift */; };
		711A78E86F69C2AF5048F07B /* SparkleUpdateControllerTests.swift in Sources */ = {isa = PBXBuildFile; fileRef = 24A3FB3175D5B77C9D81C6B1 /* SparkleUpdateControllerTests.swift */; };
		754E6D11CBB044D143AE0022 /* AppLanguage.swift in Sources */ = {isa = PBXBuildFile; fileRef = 46B63F02833B7A142E6D3C19 /* AppLanguage.swift */; };
		75D742F910AE1AC2B65D75A8 /* MetricKind.swift in Sources */ = {isa = PBXBuildFile; fileRef = 3CF6C7817370CFE146811438 /* MetricKind.swift */; };
		7B1D24512C0A80195755C3BF /* ActiveProcessMemoryLayoutTests.swift in Sources */ = {isa = PBXBuildFile; fileRef = 98B74985CC421B77A15255C4 /* ActiveProcessMemoryLayoutTests.swift */; };
		7D184325401391E30FCB55B5 /* ActiveAppMemoryProvidingTests.swift in Sources */ = {isa = PBXBuildFile; fileRef = 782F556D94AA82856902F0AD /* ActiveAppMemoryProvidingTests.swift */; };
		81525E2FD6BFFE11475B033B /* AppSamplingControllerTests.swift in Sources */ = {isa = PBXBuildFile; fileRef = 16DC22E8B8CB44094748DE32 /* AppSamplingControllerTests.swift */; };
		8507593B5300A3D1651FF296 /* AudioDashboardView.swift in Sources */ = {isa = PBXBuildFile; fileRef = 67191FA29FAD0078810BA81D /* AudioDashboardView.swift */; };
		867FAEE8D9ACD8D9BB154049 /* ReleaseVersion.swift in Sources */ = {isa = PBXBuildFile; fileRef = EFB6298EE54FFEF176A7403A /* ReleaseVersion.swift */; };
		86A2CE6C6E42C86798FB9855 /* DashboardCardLayoutTests.swift in Sources */ = {isa = PBXBuildFile; fileRef = 64DE9B5BC652B1FCA8A03474 /* DashboardCardLayoutTests.swift */; };
		9096C7171E329C3036621E33 /* ActiveProcessMemoryList.swift in Sources */ = {isa = PBXBuildFile; fileRef = D2D397D90663A1A0D877648A /* ActiveProcessMemoryList.swift */; };
		942C0019C9F31F025BD8F880 /* AudioDashboardModel.swift in Sources */ = {isa = PBXBuildFile; fileRef = 6EE3F62C8712E5DD553C15FA /* AudioDashboardModel.swift */; };
		9502A3C85956E04B6942C9BD /* AppDelegate.swift in Sources */ = {isa = PBXBuildFile; fileRef = 67B119AE4B3F7731994DB6E6 /* AppDelegate.swift */; };
		9541AA250A5A3B92AE170C2B /* UpdateChannel.swift in Sources */ = {isa = PBXBuildFile; fileRef = 153AAE3970DB7FC89AF0F7CD /* UpdateChannel.swift */; };
		973E3F49276C6903D1FD4C7A /* NetworkProvider.swift in Sources */ = {isa = PBXBuildFile; fileRef = A62CD05233387237992500A0 /* NetworkProvider.swift */; };
		9860C042B6168A52097ECE16 /* ActiveCleanupModel.swift in Sources */ = {isa = PBXBuildFile; fileRef = C2E7A42055FEA7CDD8EED194 /* ActiveCleanupModel.swift */; };
		9A395BB79F2CCC0C7DCD4117 /* BatterySystemPowerSourceReader.swift in Sources */ = {isa = PBXBuildFile; fileRef = 420BEFFE5B99B07B33CAF5DE /* BatterySystemPowerSourceReader.swift */; };
		9AA5402E9D5A714CBB34311A /* MemoryProviderTests.swift in Sources */ = {isa = PBXBuildFile; fileRef = B94D2FEA382B619F7773A1B4 /* MemoryProviderTests.swift */; };
		A1DC0091AFAA3500C5AAA85F /* ActiveAppMemoryProviding.swift in Sources */ = {isa = PBXBuildFile; fileRef = 716895D62F7DE80DDB7F6D63 /* ActiveAppMemoryProviding.swift */; };
		A9BECB3CD32A259E10292422 /* DashboardPopoverControllerTests.swift in Sources */ = {isa = PBXBuildFile; fileRef = 0742EBD55AA887021B006D58 /* DashboardPopoverControllerTests.swift */; };
		AD712FC4EBAA68F9349BACD3 /* AppPreferences.swift in Sources */ = {isa = PBXBuildFile; fileRef = CF9A4149A89C1A5F8C4CB520 /* AppPreferences.swift */; };
		B008413B7CBE75EA36C9FA65 /* ProcessTapVolumeEngine.swift in Sources */ = {isa = PBXBuildFile; fileRef = 751602B497EFBC73C88631CA /* ProcessTapVolumeEngine.swift */; };
		B1D58B1C23E57C4B2EFA43B2 /* FanProvider.swift in Sources */ = {isa = PBXBuildFile; fileRef = 622432CA2E5A5BDE1D01C6D9 /* FanProvider.swift */; };
		B2FCD7583F98E66D0FB507E4 /* DashboardPopoverController.swift in Sources */ = {isa = PBXBuildFile; fileRef = 3D95C239D721596A4768CE46 /* DashboardPopoverController.swift */; };
		B3C6A01640BB5B354B59AF73 /* LaunchAtLoginService.swift in Sources */ = {isa = PBXBuildFile; fileRef = 3DFFA707E889556C69367275 /* LaunchAtLoginService.swift */; };
		B517658B9F459DABA4512734 /* ActiveProcessMemoryRow.swift in Sources */ = {isa = PBXBuildFile; fileRef = 443C3EE222DFFEB15FA514D2 /* ActiveProcessMemoryRow.swift */; };
		B5B1142091C4E8D575C3F253 /* BatteryProvider.swift in Sources */ = {isa = PBXBuildFile; fileRef = 399F9E57090E6EAEA2C0D0EB /* BatteryProvider.swift */; };
		B5EF90985452340276CD86DB /* AudioFeatureAvailabilityTests.swift in Sources */ = {isa = PBXBuildFile; fileRef = F35053D8A15E42D79FE09D8F /* AudioFeatureAvailabilityTests.swift */; };
		B62368B572182AE9A25D2187 /* DashboardTrendLocalizationTests.swift in Sources */ = {isa = PBXBuildFile; fileRef = 5773E6B2EBA7BBAABE1570DF /* DashboardTrendLocalizationTests.swift */; };
		B993782CB47CAC5AB917052A /* MacActivityCore.framework in Embed Frameworks */ = {isa = PBXBuildFile; fileRef = CCC0344CCD781933A16D98D7 /* MacActivityCore.framework */; settings = {ATTRIBUTES = (CodeSignOnCopy, RemoveHeadersOnCopy, ); }; };
		BD3C6B2AEFF6E988ED8E6694 /* MetricProviderSampleTests.swift in Sources */ = {isa = PBXBuildFile; fileRef = 018FE6516B13F8FCE943C7CB /* MetricProviderSampleTests.swift */; };
		C1F4AA751EAA33731416C3E5 /* AudioProcessServiceTests.swift in Sources */ = {isa = PBXBuildFile; fileRef = 004ECCFE3B2C36753F3F26B9 /* AudioProcessServiceTests.swift */; };
		C34CFD6BA2083C5B981BFE7F /* DashboardTrendChart.swift in Sources */ = {isa = PBXBuildFile; fileRef = C31F3BF10E1FC8BC0CBE82A4 /* DashboardTrendChart.swift */; };
		C758FD3134C4FC4F259D6C12 /* MetricsStoreHistoryTests.swift in Sources */ = {isa = PBXBuildFile; fileRef = 8428982312A6028D3AC20D1F /* MetricsStoreHistoryTests.swift */; };
		C881AFF3738010EDBEC7AA4E /* ProcessTapVolumeEngineTests.swift in Sources */ = {isa = PBXBuildFile; fileRef = 21E4322AB6B59C2521EDE0BB /* ProcessTapVolumeEngineTests.swift */; };
		C94D70721B9A9210B31F328D /* AudioProcessService.swift in Sources */ = {isa = PBXBuildFile; fileRef = 783BAC8E92D1DF859D51D06B /* AudioProcessService.swift */; };
		CC96AD1A721BD82A5462EF6A /* MemoryProvider.swift in Sources */ = {isa = PBXBuildFile; fileRef = EDC3E242AE71B79619755C0D /* MemoryProvider.swift */; };
		CD615D0A7A12AB82049484F5 /* PreferencesStore.swift in Sources */ = {isa = PBXBuildFile; fileRef = 4797F590CDBAA38A16A0E76D /* PreferencesStore.swift */; };
		CF45AF27EDBD4FB898FC14D4 /* DiskCleanupService.swift in Sources */ = {isa = PBXBuildFile; fileRef = EFEEF4C7E80C06419C554611 /* DiskCleanupService.swift */; };
		D1921ECAF1FB240261113069 /* StatusBarSummaryLayoutTests.swift in Sources */ = {isa = PBXBuildFile; fileRef = 54B8E83E562971C06DF5266B /* StatusBarSummaryLayoutTests.swift */; };
		D2EED3D79D2450518952BAE5 /* DashboardView.swift in Sources */ = {isa = PBXBuildFile; fileRef = 80D21F3C01CE00EFD700E003 /* DashboardView.swift */; };
		D490D4024E6274B6F559D0A3 /* DashboardTrendChartLayoutTests.swift in Sources */ = {isa = PBXBuildFile; fileRef = B8233121C0FA90DBBF96DFE8 /* DashboardTrendChartLayoutTests.swift */; };
		D6CDA4FF8D1DF918C4C7D42E /* PreferencesStoreTests.swift in Sources */ = {isa = PBXBuildFile; fileRef = 797C5C451A320B16D6A15BE9 /* PreferencesStoreTests.swift */; };
		D8142466738CAAAF7E09698E /* TemperatureProvider.swift in Sources */ = {isa = PBXBuildFile; fileRef = E49ECEEFF448A10DF483AD89 /* TemperatureProvider.swift */; };
		D831AE2FAF5D40E0DB1A0A5E /* AppPresentationCoordinatorTests.swift in Sources */ = {isa = PBXBuildFile; fileRef = 70E1BBE46FD4D32BD54A627F /* AppPresentationCoordinatorTests.swift */; };
		DDE03109BB32E7B770459990 /* MetricProvider.swift in Sources */ = {isa = PBXBuildFile; fileRef = 4CC85A29241CC6F902A0531F /* MetricProvider.swift */; };
		E179E6DCA9F45E748B710AA4 /* PreferencesView.swift in Sources */ = {isa = PBXBuildFile; fileRef = C6FC2DC1E33B102AB8EE4AFA /* PreferencesView.swift */; };
		E22AB043F51E6D277BD26F51 /* MetricsSnapshot.swift in Sources */ = {isa = PBXBuildFile; fileRef = FFD8679864283C26574C3861 /* MetricsSnapshot.swift */; };
		E39610E115BDE6B501DEF84F /* PreferencesWindowController.swift in Sources */ = {isa = PBXBuildFile; fileRef = 0817114F7B7E0BE63FF3F5A0 /* PreferencesWindowController.swift */; };
		E4C592E2353DB9DA5DA6F4B0 /* AppPresentationCoordinator.swift in Sources */ = {isa = PBXBuildFile; fileRef = 15EE5D1ED08CA135E656FD09 /* AppPresentationCoordinator.swift */; };
		E6BBAAF89B168E11B0872C3F /* TemperatureSourceSelectionStore.swift in Sources */ = {isa = PBXBuildFile; fileRef = C829186479D24A736AC9EB6B /* TemperatureSourceSelectionStore.swift */; };
		E91EFBA8386879614B88F7EB /* PreferencesViewTests.swift in Sources */ = {isa = PBXBuildFile; fileRef = 7935E5143511FB753D77DD5F /* PreferencesViewTests.swift */; };
		F20363F876BE2F8C2CA12F53 /* DiskCleanupServiceTests.swift in Sources */ = {isa = PBXBuildFile; fileRef = 9B26B36594393917E7097C16 /* DiskCleanupServiceTests.swift */; };
		F417E88391363283C92E2B86 /* AudioDashboardViewTests.swift in Sources */ = {isa = PBXBuildFile; fileRef = 5FC8340436E36F7FCE415A82 /* AudioDashboardViewTests.swift */; };
		F8F113DFCAC07290279B4AE2 /* NetworkProviderTests.swift in Sources */ = {isa = PBXBuildFile; fileRef = 422B3F924F7EC6DA0DF6493F /* NetworkProviderTests.swift */; };
		FDA041119F4EA5173CC7C14D /* InfoPlist.strings in Resources */ = {isa = PBXBuildFile; fileRef = CB12314953BA1B61C565D4FA /* InfoPlist.strings */; };
/* End PBXBuildFile section */

/* Begin PBXContainerItemProxy section */
		51A33EC5F2B9AF211838E344 /* PBXContainerItemProxy */ = {
			isa = PBXContainerItemProxy;
			containerPortal = 872108165E1F8FC4AA4E9012 /* Project object */;
			proxyType = 1;
			remoteGlobalIDString = 1A1E314FBDA8A359F0BF70F4;
			remoteInfo = MacActivityCore;
		};
		7DDC30A7B1BBEDF368ECFB0D /* PBXContainerItemProxy */ = {
			isa = PBXContainerItemProxy;
			containerPortal = 872108165E1F8FC4AA4E9012 /* Project object */;
			proxyType = 1;
			remoteGlobalIDString = 1A1E314FBDA8A359F0BF70F4;
			remoteInfo = MacActivityCore;
		};
		EF63BA3F7F86204CE9FC0DD7 /* PBXContainerItemProxy */ = {
			isa = PBXContainerItemProxy;
			containerPortal = 872108165E1F8FC4AA4E9012 /* Project object */;
			proxyType = 1;
			remoteGlobalIDString = 742D2D18AB5819DAE937E70C;
			remoteInfo = "Mac Activity";
		};
/* End PBXContainerItemProxy section */

/* Begin PBXCopyFilesBuildPhase section */
		86E52D0E973ED262FB902980 /* Embed Frameworks */ = {
			isa = PBXCopyFilesBuildPhase;
			buildActionMask = 2147483647;
			dstPath = "";
			dstSubfolderSpec = 10;
			files = (
				B993782CB47CAC5AB917052A /* MacActivityCore.framework in Embed Frameworks */,
			);
			name = "Embed Frameworks";
			runOnlyForDeploymentPostprocessing = 0;
		};
		8A799EED0EB93B1AE6698124 /* Embed Frameworks */ = {
			isa = PBXCopyFilesBuildPhase;
			buildActionMask = 2147483647;
			dstPath = "";
			dstSubfolderSpec = 10;
			files = (
				6C74E7E1116DC1208956190B /* MacActivityCore.framework in Embed Frameworks */,
			);
			name = "Embed Frameworks";
			runOnlyForDeploymentPostprocessing = 0;
		};
/* End PBXCopyFilesBuildPhase section */

/* Begin PBXFileReference section */
		004ECCFE3B2C36753F3F26B9 /* AudioProcessServiceTests.swift */ = {isa = PBXFileReference; lastKnownFileType = sourcecode.swift; path = AudioProcessServiceTests.swift; sourceTree = "<group>"; };
		00BBC1CE28299769CF06DE96 /* zh-Hans */ = {isa = PBXFileReference; lastKnownFileType = text.plist.strings; name = "zh-Hans"; path = "zh-Hans.lproj/Localizable.strings"; sourceTree = "<group>"; };
		018FE6516B13F8FCE943C7CB /* MetricProviderSampleTests.swift */ = {isa = PBXFileReference; lastKnownFileType = sourcecode.swift; path = MetricProviderSampleTests.swift; sourceTree = "<group>"; };
		051A8D20F98149046273836B /* StatusItemController.swift */ = {isa = PBXFileReference; lastKnownFileType = sourcecode.swift; path = StatusItemController.swift; sourceTree = "<group>"; };
		0742EBD55AA887021B006D58 /* DashboardPopoverControllerTests.swift */ = {isa = PBXFileReference; lastKnownFileType = sourcecode.swift; path = DashboardPopoverControllerTests.swift; sourceTree = "<group>"; };
		0817114F7B7E0BE63FF3F5A0 /* PreferencesWindowController.swift */ = {isa = PBXFileReference; lastKnownFileType = sourcecode.swift; path = PreferencesWindowController.swift; sourceTree = "<group>"; };
		091371EEC06035449AAFB391 /* MetricsSchedulerTests.swift */ = {isa = PBXFileReference; lastKnownFileType = sourcecode.swift; path = MetricsSchedulerTests.swift; sourceTree = "<group>"; };
		0BC0F4083BB7EB538AB276D4 /* de */ = {isa = PBXFileReference; lastKnownFileType = text.plist.strings; name = de; path = de.lproj/Localizable.strings; sourceTree = "<group>"; };
		0E5EB0BFFA6A7936E4EAD230 /* AudioDashboardModelTests.swift */ = {isa = PBXFileReference; lastKnownFileType = sourcecode.swift; path = AudioDashboardModelTests.swift; sourceTree = "<group>"; };
		10490BB072DAB977325EFD85 /* ActiveCleanReleaseViewTests.swift */ = {isa = PBXFileReference; lastKnownFileType = sourcecode.swift; path = ActiveCleanReleaseViewTests.swift; sourceTree = "<group>"; };
		1245314B585B575A9D44A916 /* MemoryReleaseService.swift */ = {isa = PBXFileReference; lastKnownFileType = sourcecode.swift; path = MemoryReleaseService.swift; sourceTree = "<group>"; };
		1312C2453A14DC4E4201975A /* LazyShellControllerTests.swift */ = {isa = PBXFileReference; lastKnownFileType = sourcecode.swift; path = LazyShellControllerTests.swift; sourceTree = "<group>"; };
		145DEBD6281C8023F8F67724 /* ActiveCleanReleaseView.swift */ = {isa = PBXFileReference; lastKnownFileType = sourcecode.swift; path = ActiveCleanReleaseView.swift; sourceTree = "<group>"; };
		153AAE3970DB7FC89AF0F7CD /* UpdateChannel.swift */ = {isa = PBXFileReference; lastKnownFileType = sourcecode.swift; path = UpdateChannel.swift; sourceTree = "<group>"; };
		15EE5D1ED08CA135E656FD09 /* AppPresentationCoordinator.swift */ = {isa = PBXFileReference; lastKnownFileType = sourcecode.swift; path = AppPresentationCoordinator.swift; sourceTree = "<group>"; };
		16DC22E8B8CB44094748DE32 /* AppSamplingControllerTests.swift */ = {isa = PBXFileReference; lastKnownFileType = sourcecode.swift; path = AppSamplingControllerTests.swift; sourceTree = "<group>"; };
		1E1651676B31A0F49FF03FBD /* MetricsScheduler.swift */ = {isa = PBXFileReference; lastKnownFileType = sourcecode.swift; path = MetricsScheduler.swift; sourceTree = "<group>"; };
		20D958280B26529B7B39C116 /* SMCSensorReaderTests.swift */ = {isa = PBXFileReference; lastKnownFileType = sourcecode.swift; path = SMCSensorReaderTests.swift; sourceTree = "<group>"; };
		214C8E41A139972527F0B2AC /* AudioDeviceVolumeServiceTests.swift */ = {isa = PBXFileReference; lastKnownFileType = sourcecode.swift; path = AudioDeviceVolumeServiceTests.swift; sourceTree = "<group>"; };
		21E4322AB6B59C2521EDE0BB /* ProcessTapVolumeEngineTests.swift */ = {isa = PBXFileReference; lastKnownFileType = sourcecode.swift; path = ProcessTapVolumeEngineTests.swift; sourceTree = "<group>"; };
		231B9D95E670963442630FDF /* ActiveCleanReleaseLayout.swift */ = {isa = PBXFileReference; lastKnownFileType = sourcecode.swift; path = ActiveCleanReleaseLayout.swift; sourceTree = "<group>"; };
		24A3FB3175D5B77C9D81C6B1 /* SparkleUpdateControllerTests.swift */ = {isa = PBXFileReference; lastKnownFileType = sourcecode.swift; path = SparkleUpdateControllerTests.swift; sourceTree = "<group>"; };
		274F1746865BAAD6DCDC30E5 /* zh-Hant */ = {isa = PBXFileReference; lastKnownFileType = text.plist.strings; name = "zh-Hant"; path = "zh-Hant.lproj/Localizable.strings"; sourceTree = "<group>"; };
		28B16690F3A93F5DF6A08150 /* LocalizationTests.swift */ = {isa = PBXFileReference; lastKnownFileType = sourcecode.swift; path = LocalizationTests.swift; sourceTree = "<group>"; };
		2B7F712CB5FD323E4BDCD1B9 /* fr */ = {isa = PBXFileReference; lastKnownFileType = text.plist.strings; name = fr; path = fr.lproj/InfoPlist.strings; sourceTree = "<group>"; };
		2BC2395BD346EE615CD7787A /* SparkleUpdateController.swift */ = {isa = PBXFileReference; lastKnownFileType = sourcecode.swift; path = SparkleUpdateController.swift; sourceTree = "<group>"; };
		2F38E147AABF6C15F42ABA13 /* SummaryFormatterTests.swift */ = {isa = PBXFileReference; lastKnownFileType = sourcecode.swift; path = SummaryFormatterTests.swift; sourceTree = "<group>"; };
		32BA3F0E90FEDB093D4676DC /* BatteryProviderTests.swift */ = {isa = PBXFileReference; lastKnownFileType = sourcecode.swift; path = BatteryProviderTests.swift; sourceTree = "<group>"; };
		36396300E73F3D423CCDC77C /* MetricsStore.swift */ = {isa = PBXFileReference; lastKnownFileType = sourcecode.swift; path = MetricsStore.swift; sourceTree = "<group>"; };
		399F9E57090E6EAEA2C0D0EB /* BatteryProvider.swift */ = {isa = PBXFileReference; lastKnownFileType = sourcecode.swift; path = BatteryProvider.swift; sourceTree = "<group>"; };
		3A45145799F0B2FCD4EEB53E /* TrashCleanupStatusView.swift */ = {isa = PBXFileReference; lastKnownFileType = sourcecode.swift; path = TrashCleanupStatusView.swift; sourceTree = "<group>"; };
		3CF6C7817370CFE146811438 /* MetricKind.swift */ = {isa = PBXFileReference; lastKnownFileType = sourcecode.swift; path = MetricKind.swift; sourceTree = "<group>"; };
		3D95C239D721596A4768CE46 /* DashboardPopoverController.swift */ = {isa = PBXFileReference; lastKnownFileType = sourcecode.swift; path = DashboardPopoverController.swift; sourceTree = "<group>"; };
		3DFFA707E889556C69367275 /* LaunchAtLoginService.swift */ = {isa = PBXFileReference; lastKnownFileType = sourcecode.swift; path = LaunchAtLoginService.swift; sourceTree = "<group>"; };
		41191DB15439FD672A7C6221 /* ja */ = {isa = PBXFileReference; lastKnownFileType = text.plist.strings; name = ja; path = ja.lproj/InfoPlist.strings; sourceTree = "<group>"; };
		41333E534CBDB52CD351763E /* DashboardModel.swift */ = {isa = PBXFileReference; lastKnownFileType = sourcecode.swift; path = DashboardModel.swift; sourceTree = "<group>"; };
		420BEFFE5B99B07B33CAF5DE /* BatterySystemPowerSourceReader.swift */ = {isa = PBXFileReference; lastKnownFileType = sourcecode.swift; path = BatterySystemPowerSourceReader.swift; sourceTree = "<group>"; };
		422B3F924F7EC6DA0DF6493F /* NetworkProviderTests.swift */ = {isa = PBXFileReference; lastKnownFileType = sourcecode.swift; path = NetworkProviderTests.swift; sourceTree = "<group>"; };
		443C3EE222DFFEB15FA514D2 /* ActiveProcessMemoryRow.swift */ = {isa = PBXFileReference; lastKnownFileType = sourcecode.swift; path = ActiveProcessMemoryRow.swift; sourceTree = "<group>"; };
		46B63F02833B7A142E6D3C19 /* AppLanguage.swift */ = {isa = PBXFileReference; lastKnownFileType = sourcecode.swift; path = AppLanguage.swift; sourceTree = "<group>"; };
		4797F590CDBAA38A16A0E76D /* PreferencesStore.swift */ = {isa = PBXFileReference; lastKnownFileType = sourcecode.swift; path = PreferencesStore.swift; sourceTree = "<group>"; };
		4A95453EF1760F93579037B1 /* AudioDeviceVolumeService.swift */ = {isa = PBXFileReference; lastKnownFileType = sourcecode.swift; path = AudioDeviceVolumeService.swift; sourceTree = "<group>"; };
		4C28EA386891B5D88473C012 /* DashboardModelTests.swift */ = {isa = PBXFileReference; lastKnownFileType = sourcecode.swift; path = DashboardModelTests.swift; sourceTree = "<group>"; };
		4CC85A29241CC6F902A0531F /* MetricProvider.swift */ = {isa = PBXFileReference; lastKnownFileType = sourcecode.swift; path = MetricProvider.swift; sourceTree = "<group>"; };
		4DBDE27C632732B8D69B540E /* AppLocalization.swift */ = {isa = PBXFileReference; lastKnownFileType = sourcecode.swift; path = AppLocalization.swift; sourceTree = "<group>"; };
		524520F5A3160DC0ECB2A0A3 /* Assets.xcassets */ = {isa = PBXFileReference; lastKnownFileType = folder.assetcatalog; path = Assets.xcassets; sourceTree = "<group>"; };
		54B8E83E562971C06DF5266B /* StatusBarSummaryLayoutTests.swift */ = {isa = PBXFileReference; lastKnownFileType = sourcecode.swift; path = StatusBarSummaryLayoutTests.swift; sourceTree = "<group>"; };
		55B02C737DA82873951C86D0 /* AppLocalizationController.swift */ = {isa = PBXFileReference; lastKnownFileType = sourcecode.swift; path = AppLocalizationController.swift; sourceTree = "<group>"; };
		5773E6B2EBA7BBAABE1570DF /* DashboardTrendLocalizationTests.swift */ = {isa = PBXFileReference; lastKnownFileType = sourcecode.swift; path = DashboardTrendLocalizationTests.swift; sourceTree = "<group>"; };
		5910039CDBA471C2F9513628 /* MemoryReleaseServiceTests.swift */ = {isa = PBXFileReference; lastKnownFileType = sourcecode.swift; path = MemoryReleaseServiceTests.swift; sourceTree = "<group>"; };
		5A485B93CFFE51CC3584E09D /* ja */ = {isa = PBXFileReference; lastKnownFileType = text.plist.strings; name = ja; path = ja.lproj/Localizable.strings; sourceTree = "<group>"; };
		5F80A7CF6CB9E39D7858C692 /* CPUProvider.swift */ = {isa = PBXFileReference; lastKnownFileType = sourcecode.swift; path = CPUProvider.swift; sourceTree = "<group>"; };
		5FC8340436E36F7FCE415A82 /* AudioDashboardViewTests.swift */ = {isa = PBXFileReference; lastKnownFileType = sourcecode.swift; path = AudioDashboardViewTests.swift; sourceTree = "<group>"; };
		622432CA2E5A5BDE1D01C6D9 /* FanProvider.swift */ = {isa = PBXFileReference; lastKnownFileType = sourcecode.swift; path = FanProvider.swift; sourceTree = "<group>"; };
		64DE9B5BC652B1FCA8A03474 /* DashboardCardLayoutTests.swift */ = {isa = PBXFileReference; lastKnownFileType = sourcecode.swift; path = DashboardCardLayoutTests.swift; sourceTree = "<group>"; };
		67191FA29FAD0078810BA81D /* AudioDashboardView.swift */ = {isa = PBXFileReference; lastKnownFileType = sourcecode.swift; path = AudioDashboardView.swift; sourceTree = "<group>"; };
		67B119AE4B3F7731994DB6E6 /* AppDelegate.swift */ = {isa = PBXFileReference; lastKnownFileType = sourcecode.swift; path = AppDelegate.swift; sourceTree = "<group>"; };
		6E4B084B5C8220E7D26CBC42 /* AudioFeatureAvailability.swift */ = {isa = PBXFileReference; lastKnownFileType = sourcecode.swift; path = AudioFeatureAvailability.swift; sourceTree = "<group>"; };
		6EE3F62C8712E5DD553C15FA /* AudioDashboardModel.swift */ = {isa = PBXFileReference; lastKnownFileType = sourcecode.swift; path = AudioDashboardModel.swift; sourceTree = "<group>"; };
		70E1BBE46FD4D32BD54A627F /* AppPresentationCoordinatorTests.swift */ = {isa = PBXFileReference; lastKnownFileType = sourcecode.swift; path = AppPresentationCoordinatorTests.swift; sourceTree = "<group>"; };
		716895D62F7DE80DDB7F6D63 /* ActiveAppMemoryProviding.swift */ = {isa = PBXFileReference; lastKnownFileType = sourcecode.swift; path = ActiveAppMemoryProviding.swift; sourceTree = "<group>"; };
		7215BA634217D46E3C2AFD25 /* MetricsSnapshotTests.swift */ = {isa = PBXFileReference; lastKnownFileType = sourcecode.swift; path = MetricsSnapshotTests.swift; sourceTree = "<group>"; };
		722D7AC69D9FCBD920BA78EF /* Mac Activity.app */ = {isa = PBXFileReference; explicitFileType = wrapper.application; includeInIndex = 0; path = "Mac Activity.app"; sourceTree = BUILT_PRODUCTS_DIR; };
		751602B497EFBC73C88631CA /* ProcessTapVolumeEngine.swift */ = {isa = PBXFileReference; lastKnownFileType = sourcecode.swift; path = ProcessTapVolumeEngine.swift; sourceTree = "<group>"; };
		76A0523ECC4403F91DB89229 /* ActiveProcessMemoryLayout.swift */ = {isa = PBXFileReference; lastKnownFileType = sourcecode.swift; path = ActiveProcessMemoryLayout.swift; sourceTree = "<group>"; };
		782F556D94AA82856902F0AD /* ActiveAppMemoryProvidingTests.swift */ = {isa = PBXFileReference; lastKnownFileType = sourcecode.swift; path = ActiveAppMemoryProvidingTests.swift; sourceTree = "<group>"; };
		783BAC8E92D1DF859D51D06B /* AudioProcessService.swift */ = {isa = PBXFileReference; lastKnownFileType = sourcecode.swift; path = AudioProcessService.swift; sourceTree = "<group>"; };
		7935E5143511FB753D77DD5F /* PreferencesViewTests.swift */ = {isa = PBXFileReference; lastKnownFileType = sourcecode.swift; path = PreferencesViewTests.swift; sourceTree = "<group>"; };
		797C5C451A320B16D6A15BE9 /* PreferencesStoreTests.swift */ = {isa = PBXFileReference; lastKnownFileType = sourcecode.swift; path = PreferencesStoreTests.swift; sourceTree = "<group>"; };
		7B87283E6D09D63E041FCDE7 /* main.swift */ = {isa = PBXFileReference; lastKnownFileType = sourcecode.swift; path = main.swift; sourceTree = "<group>"; };
		80D21F3C01CE00EFD700E003 /* DashboardView.swift */ = {isa = PBXFileReference; lastKnownFileType = sourcecode.swift; path = DashboardView.swift; sourceTree = "<group>"; };
		8428982312A6028D3AC20D1F /* MetricsStoreHistoryTests.swift */ = {isa = PBXFileReference; lastKnownFileType = sourcecode.swift; path = MetricsStoreHistoryTests.swift; sourceTree = "<group>"; };
		8C1D390604B9381BB20F9F4A /* TrashCleanupServiceTests.swift */ = {isa = PBXFileReference; lastKnownFileType = sourcecode.swift; path = TrashCleanupServiceTests.swift; sourceTree = "<group>"; };
		90B7A168A4B1458DEE0615A8 /* UpdateCandidateSelectorTests.swift */ = {isa = PBXFileReference; lastKnownFileType = sourcecode.swift; path = UpdateCandidateSelectorTests.swift; sourceTree = "<group>"; };
		98B74985CC421B77A15255C4 /* ActiveProcessMemoryLayoutTests.swift */ = {isa = PBXFileReference; lastKnownFileType = sourcecode.swift; path = ActiveProcessMemoryLayoutTests.swift; sourceTree = "<group>"; };
		98D9223A23FC96035099E89A /* MemoryReleaseStatusView.swift */ = {isa = PBXFileReference; lastKnownFileType = sourcecode.swift; path = MemoryReleaseStatusView.swift; sourceTree = "<group>"; };
		9B26B36594393917E7097C16 /* DiskCleanupServiceTests.swift */ = {isa = PBXFileReference; lastKnownFileType = sourcecode.swift; path = DiskCleanupServiceTests.swift; sourceTree = "<group>"; };
		A22AEFACB820B39E6512D05F /* StatusSummaryModelTests.swift */ = {isa = PBXFileReference; lastKnownFileType = sourcecode.swift; path = StatusSummaryModelTests.swift; sourceTree = "<group>"; };
		A47AF78DA008CD37CCBE9BF6 /* ko */ = {isa = PBXFileReference; lastKnownFileType = text.plist.strings; name = ko; path = ko.lproj/InfoPlist.strings; sourceTree = "<group>"; };
		A4C1E8C83F10B1990CFA1E02 /* DiskCleanupStatusView.swift */ = {isa = PBXFileReference; lastKnownFileType = sourcecode.swift; path = DiskCleanupStatusView.swift; sourceTree = "<group>"; };
		A5D2DB29774991AF1785E99D /* en */ = {isa = PBXFileReference; lastKnownFileType = text.plist.strings; name = en; path = en.lproj/Localizable.strings; sourceTree = "<group>"; };
		A62CD05233387237992500A0 /* NetworkProvider.swift */ = {isa = PBXFileReference; lastKnownFileType = sourcecode.swift; path = NetworkProvider.swift; sourceTree = "<group>"; };
		A81C781F00F6BDB8AEF86A56 /* de */ = {isa = PBXFileReference; lastKnownFileType = text.plist.strings; name = de; path = de.lproj/InfoPlist.strings; sourceTree = "<group>"; };
		AC0CEBE8C815796DC9899475 /* en */ = {isa = PBXFileReference; lastKnownFileType = text.plist.strings; name = en; path = en.lproj/InfoPlist.strings; sourceTree = "<group>"; };
		B541AF54F89E04066F33AD8E /* TrashCleanupService.swift */ = {isa = PBXFileReference; lastKnownFileType = sourcecode.swift; path = TrashCleanupService.swift; sourceTree = "<group>"; };
		B8233121C0FA90DBBF96DFE8 /* DashboardTrendChartLayoutTests.swift */ = {isa = PBXFileReference; lastKnownFileType = sourcecode.swift; path = DashboardTrendChartLayoutTests.swift; sourceTree = "<group>"; };
		B94D2FEA382B619F7773A1B4 /* MemoryProviderTests.swift */ = {isa = PBXFileReference; lastKnownFileType = sourcecode.swift; path = MemoryProviderTests.swift; sourceTree = "<group>"; };
		C0CAFD2C7DC4193280EEDE07 /* fr */ = {isa = PBXFileReference; lastKnownFileType = text.plist.strings; name = fr; path = fr.lproj/Localizable.strings; sourceTree = "<group>"; };
		C2E7A42055FEA7CDD8EED194 /* ActiveCleanupModel.swift */ = {isa = PBXFileReference; lastKnownFileType = sourcecode.swift; path = ActiveCleanupModel.swift; sourceTree = "<group>"; };
		C31F3BF10E1FC8BC0CBE82A4 /* DashboardTrendChart.swift */ = {isa = PBXFileReference; lastKnownFileType = sourcecode.swift; path = DashboardTrendChart.swift; sourceTree = "<group>"; };
		C6FC2DC1E33B102AB8EE4AFA /* PreferencesView.swift */ = {isa = PBXFileReference; lastKnownFileType = sourcecode.swift; path = PreferencesView.swift; sourceTree = "<group>"; };
		C815ADC2D07A903BFAD4C90B /* PreferencesControllerTests.swift */ = {isa = PBXFileReference; lastKnownFileType = sourcecode.swift; path = PreferencesControllerTests.swift; sourceTree = "<group>"; };
		C829186479D24A736AC9EB6B /* TemperatureSourceSelectionStore.swift */ = {isa = PBXFileReference; lastKnownFileType = sourcecode.swift; path = TemperatureSourceSelectionStore.swift; sourceTree = "<group>"; };
		CC71A1F1843F39EF709F970B /* SummaryFormatter.swift */ = {isa = PBXFileReference; lastKnownFileType = sourcecode.swift; path = SummaryFormatter.swift; sourceTree = "<group>"; };
		CC750397189E5163AFA2AE33 /* UpdateCandidateSelector.swift */ = {isa = PBXFileReference; lastKnownFileType = sourcecode.swift; path = UpdateCandidateSelector.swift; sourceTree = "<group>"; };
		CCC0344CCD781933A16D98D7 /* MacActivityCore.framework */ = {isa = PBXFileReference; explicitFileType = wrapper.framework; includeInIndex = 0; path = MacActivityCore.framework; sourceTree = BUILT_PRODUCTS_DIR; };
		CD7CC359AC081C81CFE0D705 /* TemperatureProviderTests.swift */ = {isa = PBXFileReference; lastKnownFileType = sourcecode.swift; path = TemperatureProviderTests.swift; sourceTree = "<group>"; };
		CE450D24F5288BB9804AC543 /* MacActivityAppTests.xctest */ = {isa = PBXFileReference; explicitFileType = wrapper.cfbundle; includeInIndex = 0; path = MacActivityAppTests.xctest; sourceTree = BUILT_PRODUCTS_DIR; };
		CF9A4149A89C1A5F8C4CB520 /* AppPreferences.swift */ = {isa = PBXFileReference; lastKnownFileType = sourcecode.swift; path = AppPreferences.swift; sourceTree = "<group>"; };
		D22665B317ABFF0111743871 /* MacActivityCoreTests.xctest */ = {isa = PBXFileReference; explicitFileType = wrapper.cfbundle; includeInIndex = 0; path = MacActivityCoreTests.xctest; sourceTree = BUILT_PRODUCTS_DIR; };
		D2D397D90663A1A0D877648A /* ActiveProcessMemoryList.swift */ = {isa = PBXFileReference; lastKnownFileType = sourcecode.swift; path = ActiveProcessMemoryList.swift; sourceTree = "<group>"; };
		D86CFDDB2D5CE86CDA46A87F /* ko */ = {isa = PBXFileReference; lastKnownFileType = text.plist.strings; name = ko; path = ko.lproj/Localizable.strings; sourceTree = "<group>"; };
		E49ECEEFF448A10DF483AD89 /* TemperatureProvider.swift */ = {isa = PBXFileReference; lastKnownFileType = sourcecode.swift; path = TemperatureProvider.swift; sourceTree = "<group>"; };
		E6B629DAB047D5C4066597A1 /* zh-Hans */ = {isa = PBXFileReference; lastKnownFileType = text.plist.strings; name = "zh-Hans"; path = "zh-Hans.lproj/InfoPlist.strings"; sourceTree = "<group>"; };
		E8A0BCA398665C284353CFF8 /* zh-Hant */ = {isa = PBXFileReference; lastKnownFileType = text.plist.strings; name = "zh-Hant"; path = "zh-Hant.lproj/InfoPlist.strings"; sourceTree = "<group>"; };
		ECAE9B17ED4BB6141029863B /* PreferencesController.swift */ = {isa = PBXFileReference; lastKnownFileType = sourcecode.swift; path = PreferencesController.swift; sourceTree = "<group>"; };
		EDC3E242AE71B79619755C0D /* MemoryProvider.swift */ = {isa = PBXFileReference; lastKnownFileType = sourcecode.swift; path = MemoryProvider.swift; sourceTree = "<group>"; };
		EFB6298EE54FFEF176A7403A /* ReleaseVersion.swift */ = {isa = PBXFileReference; lastKnownFileType = sourcecode.swift; path = ReleaseVersion.swift; sourceTree = "<group>"; };
		EFEEF4C7E80C06419C554611 /* DiskCleanupService.swift */ = {isa = PBXFileReference; lastKnownFileType = sourcecode.swift; path = DiskCleanupService.swift; sourceTree = "<group>"; };
		F35053D8A15E42D79FE09D8F /* AudioFeatureAvailabilityTests.swift */ = {isa = PBXFileReference; lastKnownFileType = sourcecode.swift; path = AudioFeatureAvailabilityTests.swift; sourceTree = "<group>"; };
		F6393E8D414DD5B454117647 /* Shared.xcconfig */ = {isa = PBXFileReference; lastKnownFileType = text.xcconfig; path = Shared.xcconfig; sourceTree = "<group>"; };
		F7280E98435B3B94E406813A /* StatusSummaryModel.swift */ = {isa = PBXFileReference; lastKnownFileType = sourcecode.swift; path = StatusSummaryModel.swift; sourceTree = "<group>"; };
		F7B4887EAAB65C8DBBE0314A /* ActiveCleanupModelTests.swift */ = {isa = PBXFileReference; lastKnownFileType = sourcecode.swift; path = ActiveCleanupModelTests.swift; sourceTree = "<group>"; };
		F913116816E2BD3A771FCA4A /* SystemStorageProvider.swift */ = {isa = PBXFileReference; lastKnownFileType = sourcecode.swift; path = SystemStorageProvider.swift; sourceTree = "<group>"; };
		FFD8679864283C26574C3861 /* MetricsSnapshot.swift */ = {isa = PBXFileReference; lastKnownFileType = sourcecode.swift; path = MetricsSnapshot.swift; sourceTree = "<group>"; };
/* End PBXFileReference section */

/* Begin PBXFrameworksBuildPhase section */
		59EDAFB951AD645579D7B1E4 /* Frameworks */ = {
			isa = PBXFrameworksBuildPhase;
			buildActionMask = 2147483647;
			files = (
				4A3E337DABE4743A0C235838 /* MacActivityCore.framework in Frameworks */,
				29DB96D98957D566191E0A6C /* Sparkle in Frameworks */,
			);
			runOnlyForDeploymentPostprocessing = 0;
		};
		CEB695EC77F22C96E1DAF4C2 /* Frameworks */ = {
			isa = PBXFrameworksBuildPhase;
			buildActionMask = 2147483647;
			files = (
				4FFC3DDFBB0B515A0097F021 /* MacActivityCore.framework in Frameworks */,
			);
			runOnlyForDeploymentPostprocessing = 0;
		};
/* End PBXFrameworksBuildPhase section */

/* Begin PBXGroup section */
		0BD63CD3DD680B1A1712D838 /* Localization */ = {
			isa = PBXGroup;
			children = (
				46B63F02833B7A142E6D3C19 /* AppLanguage.swift */,
				4DBDE27C632732B8D69B540E /* AppLocalization.swift */,
				55B02C737DA82873951C86D0 /* AppLocalizationController.swift */,
			);
			path = Localization;
			sourceTree = "<group>";
		};
		1D9B06EEF5C223EB4B8E7C37 /* Products */ = {
			isa = PBXGroup;
			children = (
				722D7AC69D9FCBD920BA78EF /* Mac Activity.app */,
				CE450D24F5288BB9804AC543 /* MacActivityAppTests.xctest */,
				CCC0344CCD781933A16D98D7 /* MacActivityCore.framework */,
				D22665B317ABFF0111743871 /* MacActivityCoreTests.xctest */,
			);
			name = Products;
			sourceTree = "<group>";
		};
		3ED250DFD5BBF86BD63510BF /* Metrics */ = {
			isa = PBXGroup;
			children = (
				3CF6C7817370CFE146811438 /* MetricKind.swift */,
				FFD8679864283C26574C3861 /* MetricsSnapshot.swift */,
				36396300E73F3D423CCDC77C /* MetricsStore.swift */,
				CC71A1F1843F39EF709F970B /* SummaryFormatter.swift */,
				9885B22B66D185454099FFD6 /* Providers */,
			);
			path = Metrics;
			sourceTree = "<group>";
		};
		45AEBBDF8DC041B6C22684B8 /* Resources */ = {
			isa = PBXGroup;
			children = (
				524520F5A3160DC0ECB2A0A3 /* Assets.xcassets */,
				CB12314953BA1B61C565D4FA /* InfoPlist.strings */,
				41DEBECB80588EDCB2B826B3 /* Localizable.strings */,
			);
			path = Resources;
			sourceTree = "<group>";
		};
		4D97E68AAA7E2EEB1C3925FB /* Models */ = {
			isa = PBXGroup;
			children = (
				C2E7A42055FEA7CDD8EED194 /* ActiveCleanupModel.swift */,
				6EE3F62C8712E5DD553C15FA /* AudioDashboardModel.swift */,
			);
			path = Models;
			sourceTree = "<group>";
		};
		64AD2C6882A258B876B428A1 /* Tests */ = {
			isa = PBXGroup;
			children = (
				E9907D9C9C51F8324BB57A70 /* MacActivityAppTests */,
				DE81BF0C8278E06D4E7226B9 /* MacActivityCoreTests */,
			);
			path = Tests;
			sourceTree = "<group>";
		};
		72CC64EBD3E59BC80E245E31 /* Updates */ = {
			isa = PBXGroup;
			children = (
				EFB6298EE54FFEF176A7403A /* ReleaseVersion.swift */,
				CC750397189E5163AFA2AE33 /* UpdateCandidateSelector.swift */,
				153AAE3970DB7FC89AF0F7CD /* UpdateChannel.swift */,
			);
			path = Updates;
			sourceTree = "<group>";
		};
		73C7ED6C0A130362758AA8C4 /* Sources */ = {
			isa = PBXGroup;
			children = (
				D8707B1304C3F2873167EEDE /* MacActivityApp */,
				814D4901083247EB82260337 /* MacActivityCore */,
			);
			path = Sources;
			sourceTree = "<group>";
		};
		763F3AAFF9FC8C38CDD8F8A3 = {
			isa = PBXGroup;
			children = (
				BE14601DE252139D2FCB0115 /* Configuration */,
				73C7ED6C0A130362758AA8C4 /* Sources */,
				64AD2C6882A258B876B428A1 /* Tests */,
				1D9B06EEF5C223EB4B8E7C37 /* Products */,
			);
			sourceTree = "<group>";
		};
		814D4901083247EB82260337 /* MacActivityCore */ = {
			isa = PBXGroup;
			children = (
				8A2D6539EEC824EABE9F21BE /* Audio */,
				A5879C1468ADB35B4268A2D2 /* Cleanup */,
				FFAAA628CD0AFD7F6ABFB009 /* Launch */,
				3ED250DFD5BBF86BD63510BF /* Metrics */,
				99E5A46D868878275E4C4E2F /* Preferences */,
				D01032D80082E3E67C2BC0AE /* Presentation */,
				EC351559A169DC85CA2EA01D /* Scheduling */,
				72CC64EBD3E59BC80E245E31 /* Updates */,
			);
			path = MacActivityCore;
			sourceTree = "<group>";
		};
		8A2D6539EEC824EABE9F21BE /* Audio */ = {
			isa = PBXGroup;
			children = (
				4A95453EF1760F93579037B1 /* AudioDeviceVolumeService.swift */,
				6E4B084B5C8220E7D26CBC42 /* AudioFeatureAvailability.swift */,
				783BAC8E92D1DF859D51D06B /* AudioProcessService.swift */,
				751602B497EFBC73C88631CA /* ProcessTapVolumeEngine.swift */,
			);
			path = Audio;
			sourceTree = "<group>";
		};
		9885B22B66D185454099FFD6 /* Providers */ = {
			isa = PBXGroup;
			children = (
				399F9E57090E6EAEA2C0D0EB /* BatteryProvider.swift */,
				420BEFFE5B99B07B33CAF5DE /* BatterySystemPowerSourceReader.swift */,
				5F80A7CF6CB9E39D7858C692 /* CPUProvider.swift */,
				622432CA2E5A5BDE1D01C6D9 /* FanProvider.swift */,
				EDC3E242AE71B79619755C0D /* MemoryProvider.swift */,
				4CC85A29241CC6F902A0531F /* MetricProvider.swift */,
				A62CD05233387237992500A0 /* NetworkProvider.swift */,
				F913116816E2BD3A771FCA4A /* SystemStorageProvider.swift */,
				E49ECEEFF448A10DF483AD89 /* TemperatureProvider.swift */,
				C829186479D24A736AC9EB6B /* TemperatureSourceSelectionStore.swift */,
			);
			path = Providers;
			sourceTree = "<group>";
		};
		99E5A46D868878275E4C4E2F /* Preferences */ = {
			isa = PBXGroup;
			children = (
				CF9A4149A89C1A5F8C4CB520 /* AppPreferences.swift */,
				ECAE9B17ED4BB6141029863B /* PreferencesController.swift */,
				4797F590CDBAA38A16A0E76D /* PreferencesStore.swift */,
			);
			path = Preferences;
			sourceTree = "<group>";
		};
		A5879C1468ADB35B4268A2D2 /* Cleanup */ = {
			isa = PBXGroup;
			children = (
				716895D62F7DE80DDB7F6D63 /* ActiveAppMemoryProviding.swift */,
				EFEEF4C7E80C06419C554611 /* DiskCleanupService.swift */,
				1245314B585B575A9D44A916 /* MemoryReleaseService.swift */,
				B541AF54F89E04066F33AD8E /* TrashCleanupService.swift */,
			);
			path = Cleanup;
			sourceTree = "<group>";
		};
		BE14601DE252139D2FCB0115 /* Configuration */ = {
			isa = PBXGroup;
			children = (
				F6393E8D414DD5B454117647 /* Shared.xcconfig */,
			);
			path = Configuration;
			sourceTree = "<group>";
		};
		C7743942CD1B81D1DEB8908F /* AppShell */ = {
			isa = PBXGroup;
			children = (
				15EE5D1ED08CA135E656FD09 /* AppPresentationCoordinator.swift */,
				3D95C239D721596A4768CE46 /* DashboardPopoverController.swift */,
				0817114F7B7E0BE63FF3F5A0 /* PreferencesWindowController.swift */,
				051A8D20F98149046273836B /* StatusItemController.swift */,
			);
			path = AppShell;
			sourceTree = "<group>";
		};
		D01032D80082E3E67C2BC0AE /* Presentation */ = {
			isa = PBXGroup;
			children = (
				41333E534CBDB52CD351763E /* DashboardModel.swift */,
				F7280E98435B3B94E406813A /* StatusSummaryModel.swift */,
			);
			path = Presentation;
			sourceTree = "<group>";
		};
		D8707B1304C3F2873167EEDE /* MacActivityApp */ = {
			isa = PBXGroup;
			children = (
				67B119AE4B3F7731994DB6E6 /* AppDelegate.swift */,
				7B87283E6D09D63E041FCDE7 /* main.swift */,
				2BC2395BD346EE615CD7787A /* SparkleUpdateController.swift */,
				C7743942CD1B81D1DEB8908F /* AppShell */,
				0BD63CD3DD680B1A1712D838 /* Localization */,
				4D97E68AAA7E2EEB1C3925FB /* Models */,
				45AEBBDF8DC041B6C22684B8 /* Resources */,
				D882FE59508233A742C809A0 /* Views */,
			);
			path = MacActivityApp;
			sourceTree = "<group>";
		};
		D882FE59508233A742C809A0 /* Views */ = {
			isa = PBXGroup;
			children = (
				231B9D95E670963442630FDF /* ActiveCleanReleaseLayout.swift */,
				145DEBD6281C8023F8F67724 /* ActiveCleanReleaseView.swift */,
				76A0523ECC4403F91DB89229 /* ActiveProcessMemoryLayout.swift */,
				D2D397D90663A1A0D877648A /* ActiveProcessMemoryList.swift */,
				443C3EE222DFFEB15FA514D2 /* ActiveProcessMemoryRow.swift */,
				67191FA29FAD0078810BA81D /* AudioDashboardView.swift */,
				C31F3BF10E1FC8BC0CBE82A4 /* DashboardTrendChart.swift */,
				80D21F3C01CE00EFD700E003 /* DashboardView.swift */,
				A4C1E8C83F10B1990CFA1E02 /* DiskCleanupStatusView.swift */,
				98D9223A23FC96035099E89A /* MemoryReleaseStatusView.swift */,
				C6FC2DC1E33B102AB8EE4AFA /* PreferencesView.swift */,
				3A45145799F0B2FCD4EEB53E /* TrashCleanupStatusView.swift */,
			);
			path = Views;
			sourceTree = "<group>";
		};
		DE81BF0C8278E06D4E7226B9 /* MacActivityCoreTests */ = {
			isa = PBXGroup;
			children = (
				782F556D94AA82856902F0AD /* ActiveAppMemoryProvidingTests.swift */,
				214C8E41A139972527F0B2AC /* AudioDeviceVolumeServiceTests.swift */,
				F35053D8A15E42D79FE09D8F /* AudioFeatureAvailabilityTests.swift */,
				004ECCFE3B2C36753F3F26B9 /* AudioProcessServiceTests.swift */,
				32BA3F0E90FEDB093D4676DC /* BatteryProviderTests.swift */,
				4C28EA386891B5D88473C012 /* DashboardModelTests.swift */,
				9B26B36594393917E7097C16 /* DiskCleanupServiceTests.swift */,
				B94D2FEA382B619F7773A1B4 /* MemoryProviderTests.swift */,
				5910039CDBA471C2F9513628 /* MemoryReleaseServiceTests.swift */,
				018FE6516B13F8FCE943C7CB /* MetricProviderSampleTests.swift */,
				091371EEC06035449AAFB391 /* MetricsSchedulerTests.swift */,
				7215BA634217D46E3C2AFD25 /* MetricsSnapshotTests.swift */,
				8428982312A6028D3AC20D1F /* MetricsStoreHistoryTests.swift */,
				422B3F924F7EC6DA0DF6493F /* NetworkProviderTests.swift */,
				C815ADC2D07A903BFAD4C90B /* PreferencesControllerTests.swift */,
				797C5C451A320B16D6A15BE9 /* PreferencesStoreTests.swift */,
				21E4322AB6B59C2521EDE0BB /* ProcessTapVolumeEngineTests.swift */,
				20D958280B26529B7B39C116 /* SMCSensorReaderTests.swift */,
				A22AEFACB820B39E6512D05F /* StatusSummaryModelTests.swift */,
				2F38E147AABF6C15F42ABA13 /* SummaryFormatterTests.swift */,
				CD7CC359AC081C81CFE0D705 /* TemperatureProviderTests.swift */,
				8C1D390604B9381BB20F9F4A /* TrashCleanupServiceTests.swift */,
				90B7A168A4B1458DEE0615A8 /* UpdateCandidateSelectorTests.swift */,
			);
			path = MacActivityCoreTests;
			sourceTree = "<group>";
		};
		E9907D9C9C51F8324BB57A70 /* MacActivityAppTests */ = {
			isa = PBXGroup;
			children = (
				10490BB072DAB977325EFD85 /* ActiveCleanReleaseViewTests.swift */,
				F7B4887EAAB65C8DBBE0314A /* ActiveCleanupModelTests.swift */,
				98B74985CC421B77A15255C4 /* ActiveProcessMemoryLayoutTests.swift */,
				70E1BBE46FD4D32BD54A627F /* AppPresentationCoordinatorTests.swift */,
				16DC22E8B8CB44094748DE32 /* AppSamplingControllerTests.swift */,
				0E5EB0BFFA6A7936E4EAD230 /* AudioDashboardModelTests.swift */,
				5FC8340436E36F7FCE415A82 /* AudioDashboardViewTests.swift */,
				64DE9B5BC652B1FCA8A03474 /* DashboardCardLayoutTests.swift */,
				0742EBD55AA887021B006D58 /* DashboardPopoverControllerTests.swift */,
				B8233121C0FA90DBBF96DFE8 /* DashboardTrendChartLayoutTests.swift */,
				5773E6B2EBA7BBAABE1570DF /* DashboardTrendLocalizationTests.swift */,
				1312C2453A14DC4E4201975A /* LazyShellControllerTests.swift */,
				28B16690F3A93F5DF6A08150 /* LocalizationTests.swift */,
				7935E5143511FB753D77DD5F /* PreferencesViewTests.swift */,
				24A3FB3175D5B77C9D81C6B1 /* SparkleUpdateControllerTests.swift */,
				54B8E83E562971C06DF5266B /* StatusBarSummaryLayoutTests.swift */,
			);
			path = MacActivityAppTests;
			sourceTree = "<group>";
		};
		EC351559A169DC85CA2EA01D /* Scheduling */ = {
			isa = PBXGroup;
			children = (
				1E1651676B31A0F49FF03FBD /* MetricsScheduler.swift */,
			);
			path = Scheduling;
			sourceTree = "<group>";
		};
		FFAAA628CD0AFD7F6ABFB009 /* Launch */ = {
			isa = PBXGroup;
			children = (
				3DFFA707E889556C69367275 /* LaunchAtLoginService.swift */,
			);
			path = Launch;
			sourceTree = "<group>";
		};
/* End PBXGroup section */

/* Begin PBXNativeTarget section */
		1A1E314FBDA8A359F0BF70F4 /* MacActivityCore */ = {
			isa = PBXNativeTarget;
			buildConfigurationList = CEBB77B5C5CE542E0061D551 /* Build configuration list for PBXNativeTarget "MacActivityCore" */;
			buildPhases = (
				8C8C08E4237128A9A6FD08B8 /* Sources */,
			);
			buildRules = (
			);
			dependencies = (
			);
			name = MacActivityCore;
			packageProductDependencies = (
			);
			productName = MacActivityCore;
			productReference = CCC0344CCD781933A16D98D7 /* MacActivityCore.framework */;
			productType = "com.apple.product-type.framework";
		};
		742D2D18AB5819DAE937E70C /* Mac Activity */ = {
			isa = PBXNativeTarget;
			buildConfigurationList = 2250007B94B49BC29D95FCE2 /* Build configuration list for PBXNativeTarget "Mac Activity" */;
			buildPhases = (
				96E60FFB8D879C3BBDFC130C /* Sources */,
				6F80976BFD51BAE515FD2B6E /* Resources */,
				59EDAFB951AD645579D7B1E4 /* Frameworks */,
				8A799EED0EB93B1AE6698124 /* Embed Frameworks */,
			);
			buildRules = (
			);
			dependencies = (
				7EEA71CF419068414B6C373B /* PBXTargetDependency */,
			);
			name = "Mac Activity";
			packageProductDependencies = (
				ACE2F884478AD7390941E37B /* Sparkle */,
			);
			productName = "Mac Activity";
			productReference = 722D7AC69D9FCBD920BA78EF /* Mac Activity.app */;
			productType = "com.apple.product-type.application";
		};
		AF1052E35E7AFE4BE0A5CFE3 /* MacActivityCoreTests */ = {
			isa = PBXNativeTarget;
			buildConfigurationList = 443B06697FBEF8E5DA8A3149 /* Build configuration list for PBXNativeTarget "MacActivityCoreTests" */;
			buildPhases = (
				3AC00AC7456B6A20ED7AAB5D /* Sources */,
				CEB695EC77F22C96E1DAF4C2 /* Frameworks */,
				86E52D0E973ED262FB902980 /* Embed Frameworks */,
			);
			buildRules = (
			);
			dependencies = (
				77CCCC0B936C6BBA75E42B75 /* PBXTargetDependency */,
			);
			name = MacActivityCoreTests;
			packageProductDependencies = (
			);
			productName = MacActivityCoreTests;
			productReference = D22665B317ABFF0111743871 /* MacActivityCoreTests.xctest */;
			productType = "com.apple.product-type.bundle.unit-test";
		};
		D16492655D248D902E81AC22 /* MacActivityAppTests */ = {
			isa = PBXNativeTarget;
			buildConfigurationList = A9F96A8F20DBCFFF084D5AA6 /* Build configuration list for PBXNativeTarget "MacActivityAppTests" */;
			buildPhases = (
				01AA9BBADCDFDC43959B00C2 /* Sources */,
			);
			buildRules = (
			);
			dependencies = (
				40777AC29AE014A543638E75 /* PBXTargetDependency */,
			);
			name = MacActivityAppTests;
			packageProductDependencies = (
			);
			productName = MacActivityAppTests;
			productReference = CE450D24F5288BB9804AC543 /* MacActivityAppTests.xctest */;
			productType = "com.apple.product-type.bundle.unit-test";
		};
/* End PBXNativeTarget section */

/* Begin PBXProject section */
		872108165E1F8FC4AA4E9012 /* Project object */ = {
			isa = PBXProject;
			attributes = {
				BuildIndependentTargetsInParallel = YES;
				LastUpgradeCheck = 1430;
				TargetAttributes = {
					1A1E314FBDA8A359F0BF70F4 = {
						DevelopmentTeam = "";
						ProvisioningStyle = Automatic;
					};
					742D2D18AB5819DAE937E70C = {
						DevelopmentTeam = "";
						ProvisioningStyle = Automatic;
					};
					AF1052E35E7AFE4BE0A5CFE3 = {
						DevelopmentTeam = "";
						ProvisioningStyle = Automatic;
					};
					D16492655D248D902E81AC22 = {
						DevelopmentTeam = "";
						ProvisioningStyle = Automatic;
					};
				};
			};
			buildConfigurationList = 18E5705FE0F4CF3B1AC2CF81 /* Build configuration list for PBXProject "MacActivity" */;
			developmentRegion = en;
			hasScannedForEncodings = 0;
			knownRegions = (
				Base,
				de,
				en,
				fr,
				ja,
				ko,
				"zh-Hans",
				"zh-Hant",
			);
			mainGroup = 763F3AAFF9FC8C38CDD8F8A3;
			minimizedProjectReferenceProxies = 1;
			packageReferences = (
				1B7E2D56B4E4FB465B387291 /* XCRemoteSwiftPackageReference "Sparkle" */,
			);
			preferredProjectObjectVersion = 77;
			productRefGroup = 1D9B06EEF5C223EB4B8E7C37 /* Products */;
			projectDirPath = "";
			projectRoot = "";
			targets = (
				742D2D18AB5819DAE937E70C /* Mac Activity */,
				D16492655D248D902E81AC22 /* MacActivityAppTests */,
				1A1E314FBDA8A359F0BF70F4 /* MacActivityCore */,
				AF1052E35E7AFE4BE0A5CFE3 /* MacActivityCoreTests */,
			);
		};
/* End PBXProject section */

/* Begin PBXResourcesBuildPhase section */
		6F80976BFD51BAE515FD2B6E /* Resources */ = {
			isa = PBXResourcesBuildPhase;
			buildActionMask = 2147483647;
			files = (
				45A7297E010B7FBDC275DADA /* Assets.xcassets in Resources */,
				FDA041119F4EA5173CC7C14D /* InfoPlist.strings in Resources */,
				0C235C5AB692A21728D0BA55 /* Localizable.strings in Resources */,
			);
			runOnlyForDeploymentPostprocessing = 0;
		};
/* End PBXResourcesBuildPhase section */

/* Begin PBXSourcesBuildPhase section */
		01AA9BBADCDFDC43959B00C2 /* Sources */ = {
			isa = PBXSourcesBuildPhase;
			buildActionMask = 2147483647;
			files = (
				6F092D8E516DFC216207A5D7 /* ActiveCleanReleaseViewTests.swift in Sources */,
				6E845B2E62F82E4291E88E11 /* ActiveCleanupModelTests.swift in Sources */,
				7B1D24512C0A80195755C3BF /* ActiveProcessMemoryLayoutTests.swift in Sources */,
				D831AE2FAF5D40E0DB1A0A5E /* AppPresentationCoordinatorTests.swift in Sources */,
				81525E2FD6BFFE11475B033B /* AppSamplingControllerTests.swift in Sources */,
				203728ECA31C7E130830CBD3 /* AudioDashboardModelTests.swift in Sources */,
				F417E88391363283C92E2B86 /* AudioDashboardViewTests.swift in Sources */,
				86A2CE6C6E42C86798FB9855 /* DashboardCardLayoutTests.swift in Sources */,
				A9BECB3CD32A259E10292422 /* DashboardPopoverControllerTests.swift in Sources */,
				D490D4024E6274B6F559D0A3 /* DashboardTrendChartLayoutTests.swift in Sources */,
				B62368B572182AE9A25D2187 /* DashboardTrendLocalizationTests.swift in Sources */,
				481D37333B0C15E0EE471191 /* LazyShellControllerTests.swift in Sources */,
				6C19FF93C33548A9CA841AB6 /* LocalizationTests.swift in Sources */,
				E91EFBA8386879614B88F7EB /* PreferencesViewTests.swift in Sources */,
				711A78E86F69C2AF5048F07B /* SparkleUpdateControllerTests.swift in Sources */,
				D1921ECAF1FB240261113069 /* StatusBarSummaryLayoutTests.swift in Sources */,
			);
			runOnlyForDeploymentPostprocessing = 0;
		};
		3AC00AC7456B6A20ED7AAB5D /* Sources */ = {
			isa = PBXSourcesBuildPhase;
			buildActionMask = 2147483647;
			files = (
				7D184325401391E30FCB55B5 /* ActiveAppMemoryProvidingTests.swift in Sources */,
				308A6F8826A4F846A780EEF7 /* AudioDeviceVolumeServiceTests.swift in Sources */,
				B5EF90985452340276CD86DB /* AudioFeatureAvailabilityTests.swift in Sources */,
				C1F4AA751EAA33731416C3E5 /* AudioProcessServiceTests.swift in Sources */,
				44A8EA3A8D04C637634D8037 /* BatteryProviderTests.swift in Sources */,
				29B0CBE169F75666C6DBB021 /* DashboardModelTests.swift in Sources */,
				F20363F876BE2F8C2CA12F53 /* DiskCleanupServiceTests.swift in Sources */,
				9AA5402E9D5A714CBB34311A /* MemoryProviderTests.swift in Sources */,
				0EE72E0F0ADBDE77B23D912F /* MemoryReleaseServiceTests.swift in Sources */,
				BD3C6B2AEFF6E988ED8E6694 /* MetricProviderSampleTests.swift in Sources */,
				2CEB231CDBBCDDF36F125107 /* MetricsSchedulerTests.swift in Sources */,
				3A4477BDC23605E2899597CD /* MetricsSnapshotTests.swift in Sources */,
				C758FD3134C4FC4F259D6C12 /* MetricsStoreHistoryTests.swift in Sources */,
				F8F113DFCAC07290279B4AE2 /* NetworkProviderTests.swift in Sources */,
				6FE9479DD0E4F0DD7F88D79C /* PreferencesControllerTests.swift in Sources */,
				D6CDA4FF8D1DF918C4C7D42E /* PreferencesStoreTests.swift in Sources */,
				C881AFF3738010EDBEC7AA4E /* ProcessTapVolumeEngineTests.swift in Sources */,
				4F1AE1B7F44F2D9407FA4746 /* SMCSensorReaderTests.swift in Sources */,
				03E904FAB09F01048D1484DE /* StatusSummaryModelTests.swift in Sources */,
				16ECB6A0AD84B607F511085E /* SummaryFormatterTests.swift in Sources */,
				051A32FFC0368380D49E6962 /* TemperatureProviderTests.swift in Sources */,
				366D7404F0EDEC0EA16DF7CB /* TrashCleanupServiceTests.swift in Sources */,
				442969EB596E699488524CFD /* UpdateCandidateSelectorTests.swift in Sources */,
			);
			runOnlyForDeploymentPostprocessing = 0;
		};
		8C8C08E4237128A9A6FD08B8 /* Sources */ = {
			isa = PBXSourcesBuildPhase;
			buildActionMask = 2147483647;
			files = (
				A1DC0091AFAA3500C5AAA85F /* ActiveAppMemoryProviding.swift in Sources */,
				AD712FC4EBAA68F9349BACD3 /* AppPreferences.swift in Sources */,
				10A7E533EB2CE7F1631C7D95 /* AudioDeviceVolumeService.swift in Sources */,
				1AA15D8699BC3962C6A808DE /* AudioFeatureAvailability.swift in Sources */,
				C94D70721B9A9210B31F328D /* AudioProcessService.swift in Sources */,
				B5B1142091C4E8D575C3F253 /* BatteryProvider.swift in Sources */,
				9A395BB79F2CCC0C7DCD4117 /* BatterySystemPowerSourceReader.swift in Sources */,
				17C8C8D688BB94F85DBDE1DC /* CPUProvider.swift in Sources */,
				1B3A5C1A4385179E39C90CDF /* DashboardModel.swift in Sources */,
				CF45AF27EDBD4FB898FC14D4 /* DiskCleanupService.swift in Sources */,
				B1D58B1C23E57C4B2EFA43B2 /* FanProvider.swift in Sources */,
				B3C6A01640BB5B354B59AF73 /* LaunchAtLoginService.swift in Sources */,
				CC96AD1A721BD82A5462EF6A /* MemoryProvider.swift in Sources */,
				61985D0288B1AB38FE15C6B3 /* MemoryReleaseService.swift in Sources */,
				75D742F910AE1AC2B65D75A8 /* MetricKind.swift in Sources */,
				DDE03109BB32E7B770459990 /* MetricProvider.swift in Sources */,
				28B6837513F5A77FB3B8A6B1 /* MetricsScheduler.swift in Sources */,
				E22AB043F51E6D277BD26F51 /* MetricsSnapshot.swift in Sources */,
				31542F075E8801EA33B52763 /* MetricsStore.swift in Sources */,
				973E3F49276C6903D1FD4C7A /* NetworkProvider.swift in Sources */,
				3F60AD2BBC32608CE8F87545 /* PreferencesController.swift in Sources */,
				CD615D0A7A12AB82049484F5 /* PreferencesStore.swift in Sources */,
				B008413B7CBE75EA36C9FA65 /* ProcessTapVolumeEngine.swift in Sources */,
				867FAEE8D9ACD8D9BB154049 /* ReleaseVersion.swift in Sources */,
				6D54144EB0A0E5918A23CFEF /* StatusSummaryModel.swift in Sources */,
				16F46C34538525E3E05606BF /* SummaryFormatter.swift in Sources */,
				0BFDE8B415E395427CB657F0 /* SystemStorageProvider.swift in Sources */,
				D8142466738CAAAF7E09698E /* TemperatureProvider.swift in Sources */,
				E6BBAAF89B168E11B0872C3F /* TemperatureSourceSelectionStore.swift in Sources */,
				34B193CBB778F3DBAEB8E354 /* TrashCleanupService.swift in Sources */,
				24E2A04F45694E2244E16C74 /* UpdateCandidateSelector.swift in Sources */,
				9541AA250A5A3B92AE170C2B /* UpdateChannel.swift in Sources */,
			);
			runOnlyForDeploymentPostprocessing = 0;
		};
		96E60FFB8D879C3BBDFC130C /* Sources */ = {
			isa = PBXSourcesBuildPhase;
			buildActionMask = 2147483647;
			files = (
				2D2E950DB64441F652DDBF7D /* ActiveCleanReleaseLayout.swift in Sources */,
				5C508CEA7BAD8358A16637D4 /* ActiveCleanReleaseView.swift in Sources */,
				9860C042B6168A52097ECE16 /* ActiveCleanupModel.swift in Sources */,
				078F652EDE21CCEB0AC6E491 /* ActiveProcessMemoryLayout.swift in Sources */,
				9096C7171E329C3036621E33 /* ActiveProcessMemoryList.swift in Sources */,
				B517658B9F459DABA4512734 /* ActiveProcessMemoryRow.swift in Sources */,
				9502A3C85956E04B6942C9BD /* AppDelegate.swift in Sources */,
				754E6D11CBB044D143AE0022 /* AppLanguage.swift in Sources */,
				0F68A650C5AE8A1C0B0CF796 /* AppLocalization.swift in Sources */,
				52D7E895840661880DEE4A20 /* AppLocalizationController.swift in Sources */,
				E4C592E2353DB9DA5DA6F4B0 /* AppPresentationCoordinator.swift in Sources */,
				942C0019C9F31F025BD8F880 /* AudioDashboardModel.swift in Sources */,
				8507593B5300A3D1651FF296 /* AudioDashboardView.swift in Sources */,
				B2FCD7583F98E66D0FB507E4 /* DashboardPopoverController.swift in Sources */,
				C34CFD6BA2083C5B981BFE7F /* DashboardTrendChart.swift in Sources */,
				D2EED3D79D2450518952BAE5 /* DashboardView.swift in Sources */,
				551B137A9AD7F434850FD5EB /* DiskCleanupStatusView.swift in Sources */,
				63C09E96706D5628D706B2ED /* MemoryReleaseStatusView.swift in Sources */,
				E179E6DCA9F45E748B710AA4 /* PreferencesView.swift in Sources */,
				E39610E115BDE6B501DEF84F /* PreferencesWindowController.swift in Sources */,
				2997A768472FE6994B787F01 /* SparkleUpdateController.swift in Sources */,
				40CE3A305988195A3041D2A8 /* StatusItemController.swift in Sources */,
				6C8D997E40BB5E606CC0BEC1 /* TrashCleanupStatusView.swift in Sources */,
				39C7DEFCA04248110B5A5B9D /* main.swift in Sources */,
			);
			runOnlyForDeploymentPostprocessing = 0;
		};
/* End PBXSourcesBuildPhase section */

/* Begin PBXTargetDependency section */
		40777AC29AE014A543638E75 /* PBXTargetDependency */ = {
			isa = PBXTargetDependency;
			target = 742D2D18AB5819DAE937E70C /* Mac Activity */;
			targetProxy = EF63BA3F7F86204CE9FC0DD7 /* PBXContainerItemProxy */;
		};
		77CCCC0B936C6BBA75E42B75 /* PBXTargetDependency */ = {
			isa = PBXTargetDependency;
			target = 1A1E314FBDA8A359F0BF70F4 /* MacActivityCore */;
			targetProxy = 51A33EC5F2B9AF211838E344 /* PBXContainerItemProxy */;
		};
		7EEA71CF419068414B6C373B /* PBXTargetDependency */ = {
			isa = PBXTargetDependency;
			target = 1A1E314FBDA8A359F0BF70F4 /* MacActivityCore */;
			targetProxy = 7DDC30A7B1BBEDF368ECFB0D /* PBXContainerItemProxy */;
		};
/* End PBXTargetDependency section */

/* Begin PBXVariantGroup section */
		41DEBECB80588EDCB2B826B3 /* Localizable.strings */ = {
			isa = PBXVariantGroup;
			children = (
				0BC0F4083BB7EB538AB276D4 /* de */,
				A5D2DB29774991AF1785E99D /* en */,
				C0CAFD2C7DC4193280EEDE07 /* fr */,
				5A485B93CFFE51CC3584E09D /* ja */,
				D86CFDDB2D5CE86CDA46A87F /* ko */,
				00BBC1CE28299769CF06DE96 /* zh-Hans */,
				274F1746865BAAD6DCDC30E5 /* zh-Hant */,
			);
			name = Localizable.strings;
			sourceTree = "<group>";
		};
		CB12314953BA1B61C565D4FA /* InfoPlist.strings */ = {
			isa = PBXVariantGroup;
			children = (
				A81C781F00F6BDB8AEF86A56 /* de */,
				AC0CEBE8C815796DC9899475 /* en */,
				2B7F712CB5FD323E4BDCD1B9 /* fr */,
				41191DB15439FD672A7C6221 /* ja */,
				A47AF78DA008CD37CCBE9BF6 /* ko */,
				E6B629DAB047D5C4066597A1 /* zh-Hans */,
				E8A0BCA398665C284353CFF8 /* zh-Hant */,
			);
			name = InfoPlist.strings;
			sourceTree = "<group>";
		};
/* End PBXVariantGroup section */

/* Begin XCBuildConfiguration section */
		261F5AFFB0F36C18E28B3E8C /* Release */ = {
			isa = XCBuildConfiguration;
			baseConfigurationReference = F6393E8D414DD5B454117647 /* Shared.xcconfig */;
			buildSettings = {
				CODE_SIGN_IDENTITY = "";
				COMBINE_HIDPI_IMAGES = YES;
				DEFINES_MODULE = YES;
				DYLIB_COMPATIBILITY_VERSION = 1;
				DYLIB_CURRENT_VERSION = 1;
				DYLIB_INSTALL_NAME_BASE = "@rpath";
				INFOPLIST_FILE = "Configuration/MacActivityCore-Info.plist";
				INSTALL_PATH = "$(LOCAL_LIBRARY_DIR)/Frameworks";
				LD_RUNPATH_SEARCH_PATHS = (
					"$(inherited)",
					"@executable_path/../Frameworks",
				);
				PRODUCT_BUNDLE_IDENTIFIER = com.how.macactivity.core;
				SDKROOT = macosx;
				SKIP_INSTALL = YES;
				VERSIONING_SYSTEM = "apple-generic";
			};
			name = Release;
		};
		355DB1DD74B4E57FFC8AFCF7 /* Debug */ = {
			isa = XCBuildConfiguration;
			baseConfigurationReference = F6393E8D414DD5B454117647 /* Shared.xcconfig */;
			buildSettings = {
				BUNDLE_LOADER = "$(TEST_HOST)";
				COMBINE_HIDPI_IMAGES = YES;
				GENERATE_INFOPLIST_FILE = YES;
				LD_RUNPATH_SEARCH_PATHS = (
					"$(inherited)",
					"@executable_path/../Frameworks",
					"@loader_path/../Frameworks",
				);
				PRODUCT_BUNDLE_IDENTIFIER = com.how.macactivity.app.tests;
				SDKROOT = macosx;
				TEST_HOST = "$(BUILT_PRODUCTS_DIR)/Mac Activity.app/$(BUNDLE_EXECUTABLE_FOLDER_PATH)/Mac Activity";
			};
			name = Debug;
		};
		3B884A177F0A8D4A4180BDFA /* Debug */ = {
			isa = XCBuildConfiguration;
			baseConfigurationReference = F6393E8D414DD5B454117647 /* Shared.xcconfig */;
			buildSettings = {
				BUNDLE_LOADER = "";
				COMBINE_HIDPI_IMAGES = YES;
				GENERATE_INFOPLIST_FILE = YES;
				LD_RUNPATH_SEARCH_PATHS = (
					"$(inherited)",
					"@executable_path/../Frameworks",
					"@loader_path/../Frameworks",
				);
				PRODUCT_BUNDLE_IDENTIFIER = com.how.macactivity.core.tests;
				SDKROOT = macosx;
				TEST_HOST = "";
			};
			name = Debug;
		};
		889AD22E2AC08DC1016F9614 /* Release */ = {
			isa = XCBuildConfiguration;
			baseConfigurationReference = F6393E8D414DD5B454117647 /* Shared.xcconfig */;
			buildSettings = {
				BUNDLE_LOADER = "$(TEST_HOST)";
				COMBINE_HIDPI_IMAGES = YES;
				GENERATE_INFOPLIST_FILE = YES;
				LD_RUNPATH_SEARCH_PATHS = (
					"$(inherited)",
					"@executable_path/../Frameworks",
					"@loader_path/../Frameworks",
				);
				PRODUCT_BUNDLE_IDENTIFIER = com.how.macactivity.app.tests;
				SDKROOT = macosx;
				TEST_HOST = "$(BUILT_PRODUCTS_DIR)/Mac Activity.app/$(BUNDLE_EXECUTABLE_FOLDER_PATH)/Mac Activity";
			};
			name = Release;
		};
		8ADF8F47987C8D1F431F2673 /* Debug */ = {
			isa = XCBuildConfiguration;
			buildSettings = {
				ALWAYS_SEARCH_USER_PATHS = NO;
				CLANG_ANALYZER_LOCALIZABILITY_NONLOCALIZED = YES;
				CLANG_ANALYZER_NONNULL = YES;
				CLANG_ANALYZER_NUMBER_OBJECT_CONVERSION = YES_AGGRESSIVE;
				CLANG_CXX_LANGUAGE_STANDARD = "gnu++14";
				CLANG_CXX_LIBRARY = "libc++";
				CLANG_ENABLE_MODULES = YES;
				CLANG_ENABLE_OBJC_ARC = YES;
				CLANG_ENABLE_OBJC_WEAK = YES;
				CLANG_WARN_BLOCK_CAPTURE_AUTORELEASING = YES;
				CLANG_WARN_BOOL_CONVERSION = YES;
				CLANG_WARN_COMMA = YES;
				CLANG_WARN_CONSTANT_CONVERSION = YES;
				CLANG_WARN_DEPRECATED_OBJC_IMPLEMENTATIONS = YES;
				CLANG_WARN_DIRECT_OBJC_ISA_USAGE = YES_ERROR;
				CLANG_WARN_DOCUMENTATION_COMMENTS = YES;
				CLANG_WARN_EMPTY_BODY = YES;
				CLANG_WARN_ENUM_CONVERSION = YES;
				CLANG_WARN_INFINITE_RECURSION = YES;
				CLANG_WARN_INT_CONVERSION = YES;
				CLANG_WARN_NON_LITERAL_NULL_CONVERSION = YES;
				CLANG_WARN_OBJC_IMPLICIT_RETAIN_SELF = YES;
				CLANG_WARN_OBJC_LITERAL_CONVERSION = YES;
				CLANG_WARN_OBJC_ROOT_CLASS = YES_ERROR;
				CLANG_WARN_QUOTED_INCLUDE_IN_FRAMEWORK_HEADER = YES;
				CLANG_WARN_RANGE_LOOP_ANALYSIS = YES;
				CLANG_WARN_STRICT_PROTOTYPES = YES;
				CLANG_WARN_SUSPICIOUS_MOVE = YES;
				CLANG_WARN_UNGUARDED_AVAILABILITY = YES_AGGRESSIVE;
				CLANG_WARN_UNREACHABLE_CODE = YES;
				CLANG_WARN__DUPLICATE_METHOD_MATCH = YES;
				CODE_SIGN_STYLE = Automatic;
				COPY_PHASE_STRIP = NO;
				DEBUG_INFORMATION_FORMAT = dwarf;
				DEVELOPMENT_TEAM = "";
				ENABLE_STRICT_OBJC_MSGSEND = YES;
				ENABLE_TESTABILITY = YES;
				ENABLE_USER_SCRIPT_SANDBOXING = YES;
				GCC_C_LANGUAGE_STANDARD = gnu11;
				GCC_DYNAMIC_NO_PIC = NO;
				GCC_NO_COMMON_BLOCKS = YES;
				GCC_OPTIMIZATION_LEVEL = 0;
				GCC_PREPROCESSOR_DEFINITIONS = (
					"$(inherited)",
					"DEBUG=1",
				);
				GCC_WARN_64_TO_32_BIT_CONVERSION = YES;
				GCC_WARN_ABOUT_RETURN_TYPE = YES_ERROR;
				GCC_WARN_UNDECLARED_SELECTOR = YES;
				GCC_WARN_UNINITIALIZED_AUTOS = YES_AGGRESSIVE;
				GCC_WARN_UNUSED_FUNCTION = YES;
				GCC_WARN_UNUSED_VARIABLE = YES;
				MACOSX_DEPLOYMENT_TARGET = 13.0;
				MTL_ENABLE_DEBUG_INFO = INCLUDE_SOURCE;
				MTL_FAST_MATH = YES;
				ONLY_ACTIVE_ARCH = YES;
				PRODUCT_MODULE_NAME = "$(TARGET_NAME)";
				PRODUCT_NAME = "$(TARGET_NAME)";
				SDKROOT = macosx;
				SWIFT_ACTIVE_COMPILATION_CONDITIONS = DEBUG;
				SWIFT_OPTIMIZATION_LEVEL = "-Onone";
				SWIFT_VERSION = 6.0;
			};
			name = Debug;
		};
		A6E2DA6DCAFF1A780A0F5E22 /* Debug */ = {
			isa = XCBuildConfiguration;
			baseConfigurationReference = F6393E8D414DD5B454117647 /* Shared.xcconfig */;
			buildSettings = {
				ASSETCATALOG_COMPILER_APPICON_NAME = AppIcon;
				CODE_SIGN_ENTITLEMENTS = Configuration/MacActivity.entitlements;
				COMBINE_HIDPI_IMAGES = YES;
				INFOPLIST_FILE = "Configuration/MacActivity-Info.plist";
				LD_RUNPATH_SEARCH_PATHS = "$(inherited) @executable_path/../Frameworks";
				PRODUCT_BUNDLE_IDENTIFIER = com.how.macactivity;
				PRODUCT_MODULE_NAME = MacActivityApp;
				PRODUCT_NAME = "Mac Activity";
				SDKROOT = macosx;
			};
			name = Debug;
		};
		AB32574F3201C993995B0560 /* Debug */ = {
			isa = XCBuildConfiguration;
			baseConfigurationReference = F6393E8D414DD5B454117647 /* Shared.xcconfig */;
			buildSettings = {
				CODE_SIGN_IDENTITY = "";
				COMBINE_HIDPI_IMAGES = YES;
				DEFINES_MODULE = YES;
				DYLIB_COMPATIBILITY_VERSION = 1;
				DYLIB_CURRENT_VERSION = 1;
				DYLIB_INSTALL_NAME_BASE = "@rpath";
				INFOPLIST_FILE = "Configuration/MacActivityCore-Info.plist";
				INSTALL_PATH = "$(LOCAL_LIBRARY_DIR)/Frameworks";
				LD_RUNPATH_SEARCH_PATHS = (
					"$(inherited)",
					"@executable_path/../Frameworks",
				);
				PRODUCT_BUNDLE_IDENTIFIER = com.how.macactivity.core;
				SDKROOT = macosx;
				SKIP_INSTALL = YES;
				VERSIONING_SYSTEM = "apple-generic";
			};
			name = Debug;
		};
		BC296A67AA65802E5C2A7CE7 /* Release */ = {
			isa = XCBuildConfiguration;
			baseConfigurationReference = F6393E8D414DD5B454117647 /* Shared.xcconfig */;
			buildSettings = {
				BUNDLE_LOADER = "";
				COMBINE_HIDPI_IMAGES = YES;
				GENERATE_INFOPLIST_FILE = YES;
				LD_RUNPATH_SEARCH_PATHS = (
					"$(inherited)",
					"@executable_path/../Frameworks",
					"@loader_path/../Frameworks",
				);
				PRODUCT_BUNDLE_IDENTIFIER = com.how.macactivity.core.tests;
				SDKROOT = macosx;
				TEST_HOST = "";
			};
			name = Release;
		};
		D75F7DC62E7540DECB33D39E /* Release */ = {
			isa = XCBuildConfiguration;
			buildSettings = {
				ALWAYS_SEARCH_USER_PATHS = NO;
				CLANG_ANALYZER_LOCALIZABILITY_NONLOCALIZED = YES;
				CLANG_ANALYZER_NONNULL = YES;
				CLANG_ANALYZER_NUMBER_OBJECT_CONVERSION = YES_AGGRESSIVE;
				CLANG_CXX_LANGUAGE_STANDARD = "gnu++14";
				CLANG_CXX_LIBRARY = "libc++";
				CLANG_ENABLE_MODULES = YES;
				CLANG_ENABLE_OBJC_ARC = YES;
				CLANG_ENABLE_OBJC_WEAK = YES;
				CLANG_WARN_BLOCK_CAPTURE_AUTORELEASING = YES;
				CLANG_WARN_BOOL_CONVERSION = YES;
				CLANG_WARN_COMMA = YES;
				CLANG_WARN_CONSTANT_CONVERSION = YES;
				CLANG_WARN_DEPRECATED_OBJC_IMPLEMENTATIONS = YES;
				CLANG_WARN_DIRECT_OBJC_ISA_USAGE = YES_ERROR;
				CLANG_WARN_DOCUMENTATION_COMMENTS = YES;
				CLANG_WARN_EMPTY_BODY = YES;
				CLANG_WARN_ENUM_CONVERSION = YES;
				CLANG_WARN_INFINITE_RECURSION = YES;
				CLANG_WARN_INT_CONVERSION = YES;
				CLANG_WARN_NON_LITERAL_NULL_CONVERSION = YES;
				CLANG_WARN_OBJC_IMPLICIT_RETAIN_SELF = YES;
				CLANG_WARN_OBJC_LITERAL_CONVERSION = YES;
				CLANG_WARN_OBJC_ROOT_CLASS = YES_ERROR;
				CLANG_WARN_QUOTED_INCLUDE_IN_FRAMEWORK_HEADER = YES;
				CLANG_WARN_RANGE_LOOP_ANALYSIS = YES;
				CLANG_WARN_STRICT_PROTOTYPES = YES;
				CLANG_WARN_SUSPICIOUS_MOVE = YES;
				CLANG_WARN_UNGUARDED_AVAILABILITY = YES_AGGRESSIVE;
				CLANG_WARN_UNREACHABLE_CODE = YES;
				CLANG_WARN__DUPLICATE_METHOD_MATCH = YES;
				CODE_SIGN_STYLE = Automatic;
				COPY_PHASE_STRIP = NO;
				DEAD_CODE_STRIPPING = YES;
				DEBUG_INFORMATION_FORMAT = "dwarf-with-dsym";
				DEVELOPMENT_TEAM = "";
				ENABLE_NS_ASSERTIONS = NO;
				ENABLE_STRICT_OBJC_MSGSEND = YES;
				ENABLE_USER_SCRIPT_SANDBOXING = YES;
				GCC_C_LANGUAGE_STANDARD = gnu11;
				GCC_NO_COMMON_BLOCKS = YES;
				GCC_WARN_64_TO_32_BIT_CONVERSION = YES;
				GCC_WARN_ABOUT_RETURN_TYPE = YES_ERROR;
				GCC_WARN_UNDECLARED_SELECTOR = YES;
				GCC_WARN_UNINITIALIZED_AUTOS = YES_AGGRESSIVE;
				GCC_WARN_UNUSED_FUNCTION = YES;
				GCC_WARN_UNUSED_VARIABLE = YES;
				MACOSX_DEPLOYMENT_TARGET = 13.0;
				MTL_ENABLE_DEBUG_INFO = NO;
				MTL_FAST_MATH = YES;
				PRODUCT_MODULE_NAME = "$(TARGET_NAME)";
				PRODUCT_NAME = "$(TARGET_NAME)";
				SDKROOT = macosx;
				SWIFT_COMPILATION_MODE = wholemodule;
				SWIFT_OPTIMIZATION_LEVEL = "-O";
				SWIFT_VERSION = 6.0;
			};
			name = Release;
		};
		F1E09AB99121A4271B3AED37 /* Release */ = {
			isa = XCBuildConfiguration;
			baseConfigurationReference = F6393E8D414DD5B454117647 /* Shared.xcconfig */;
			buildSettings = {
				ASSETCATALOG_COMPILER_APPICON_NAME = AppIcon;
				CODE_SIGN_ENTITLEMENTS = Configuration/MacActivity.entitlements;
				COMBINE_HIDPI_IMAGES = YES;
				INFOPLIST_FILE = "Configuration/MacActivity-Info.plist";
				LD_RUNPATH_SEARCH_PATHS = "$(inherited) @executable_path/../Frameworks";
				PRODUCT_BUNDLE_IDENTIFIER = com.how.macactivity;
				PRODUCT_MODULE_NAME = MacActivityApp;
				PRODUCT_NAME = "Mac Activity";
				SDKROOT = macosx;
			};
			name = Release;
		};
/* End XCBuildConfiguration section */

/* Begin XCConfigurationList section */
		18E5705FE0F4CF3B1AC2CF81 /* Build configuration list for PBXProject "MacActivity" */ = {
			isa = XCConfigurationList;
			buildConfigurations = (
				8ADF8F47987C8D1F431F2673 /* Debug */,
				D75F7DC62E7540DECB33D39E /* Release */,
			);
			defaultConfigurationIsVisible = 0;
			defaultConfigurationName = Debug;
		};
		2250007B94B49BC29D95FCE2 /* Build configuration list for PBXNativeTarget "Mac Activity" */ = {
			isa = XCConfigurationList;
			buildConfigurations = (
				A6E2DA6DCAFF1A780A0F5E22 /* Debug */,
				F1E09AB99121A4271B3AED37 /* Release */,
			);
			defaultConfigurationIsVisible = 0;
			defaultConfigurationName = Debug;
		};
		443B06697FBEF8E5DA8A3149 /* Build configuration list for PBXNativeTarget "MacActivityCoreTests" */ = {
			isa = XCConfigurationList;
			buildConfigurations = (
				3B884A177F0A8D4A4180BDFA /* Debug */,
				BC296A67AA65802E5C2A7CE7 /* Release */,
			);
			defaultConfigurationIsVisible = 0;
			defaultConfigurationName = Debug;
		};
		A9F96A8F20DBCFFF084D5AA6 /* Build configuration list for PBXNativeTarget "MacActivityAppTests" */ = {
			isa = XCConfigurationList;
			buildConfigurations = (
				355DB1DD74B4E57FFC8AFCF7 /* Debug */,
				889AD22E2AC08DC1016F9614 /* Release */,
			);
			defaultConfigurationIsVisible = 0;
			defaultConfigurationName = Debug;
		};
		CEBB77B5C5CE542E0061D551 /* Build configuration list for PBXNativeTarget "MacActivityCore" */ = {
			isa = XCConfigurationList;
			buildConfigurations = (
				AB32574F3201C993995B0560 /* Debug */,
				261F5AFFB0F36C18E28B3E8C /* Release */,
			);
			defaultConfigurationIsVisible = 0;
			defaultConfigurationName = Debug;
		};
/* End XCConfigurationList section */

/* Begin XCRemoteSwiftPackageReference section */
		1B7E2D56B4E4FB465B387291 /* XCRemoteSwiftPackageReference "Sparkle" */ = {
			isa = XCRemoteSwiftPackageReference;
			repositoryURL = "https://github.com/sparkle-project/Sparkle";
			requirement = {
				kind = upToNextMajorVersion;
				minimumVersion = 2.9.3;
			};
		};
/* End XCRemoteSwiftPackageReference section */

/* Begin XCSwiftPackageProductDependency section */
		ACE2F884478AD7390941E37B /* Sparkle */ = {
			isa = XCSwiftPackageProductDependency;
			package = 1B7E2D56B4E4FB465B387291 /* XCRemoteSwiftPackageReference "Sparkle" */;
			productName = Sparkle;
		};
/* End XCSwiftPackageProductDependency section */
	};
	rootObject = 872108165E1F8FC4AA4E9012 /* Project object */;
}
